{
  "version": 4,
  "terraform_version": "1.1.8",
  "serial": 78,
  "lineage": "6c5c3043-91bc-f4db-0bf0-b0aaa776455f",
  "outputs": {
    "cluster_id": {
      "value": "education-eks-EjLutf9m",
      "type": "string"
    },
    "cluster_name": {
      "value": "education-eks-EjLutf9m",
      "type": "string"
    },
    "region": {
      "value": "ap-east-1",
      "type": "string"
    }
  },
  "resources": [
    {
      "mode": "data",
      "type": "aws_availability_zones",
      "name": "available",
      "provider": "provider[\"registry.terraform.io/hashicorp/aws\"]",
      "instances": [
        {
          "schema_version": 0,
          "attributes": {
            "all_availability_zones": null,
            "exclude_names": null,
            "exclude_zone_ids": null,
            "filter": null,
            "group_names": [
              "ap-east-1"
            ],
            "id": "ap-east-1",
            "names": [
              "ap-east-1a",
              "ap-east-1b",
              "ap-east-1c"
            ],
            "state": null,
            "zone_ids": [
              "ape1-az1",
              "ape1-az2",
              "ape1-az3"
            ]
          },
          "sensitive_attributes": []
        }
      ]
    },
    {
      "mode": "data",
      "type": "aws_eks_cluster",
      "name": "cluster",
      "provider": "provider[\"registry.terraform.io/hashicorp/aws\"]",
      "instances": [
        {
          "schema_version": 0,
          "attributes": {
            "arn": "arn:aws:eks:ap-east-1:779255550655:cluster/education-eks-EjLutf9m",
            "certificate_authority": [
              {
                "data": "LS0tLS1CRUdJTiBDRVJUSUZJQ0FURS0tLS0tCk1JSUM1ekNDQWMrZ0F3SUJBZ0lCQURBTkJna3Foa2lHOXcwQkFRc0ZBREFWTVJNd0VRWURWUVFERXdwcmRXSmwKY201bGRHVnpNQjRYRFRJeU1EUXhPVEV6TlRJeU0xb1hEVE15TURReE5qRXpOVEl5TTFvd0ZURVRNQkVHQTFVRQpBeE1LYTNWaVpYSnVaWFJsY3pDQ0FTSXdEUVlKS29aSWh2Y05BUUVCQlFBRGdnRVBBRENDQVFvQ2dnRUJBTlNYClppNGttNjgrRDYwQmUrd2hWTDhmVDlsdnhmUnFaRnl2U0xFa0lMNVpvcGpLZDA2M1NSUXh1aUloZFV5WmQwR2YKdFluV05sRDAwY3RtSkRaaVFQK1QreFJZeEtuUW93V1d3UFpScUh3NFJFeDhnYnFiK1NHQ2dzb1hzQ2xXU3h4ZApOTVlTY3Y2WFR0WnovNThQcDF5K1RyaXpyQnVpTUV3T0FoaHhPWXpPclFtZDFRZkRWQW8wdlRMaldXZ2lkWjdSClhSRFhsa1hwbit2UzFuNER2eHJFNVlpZ3htMGhES29qZTVnaW1hdnA3R2k1Wmx5b0xvZGZLMmFEUlZPc051MnoKNmZOVzRQZS8rYXVlYW9hK0dYOFp4TnYyZFg4eGxoY3pHdVBJQXhTdTBXaklmK3ZJNDBxa280ZHZaRTUvd210dQowSWlPOHJZdXBsY1RuclRrT3JFQ0F3RUFBYU5DTUVBd0RnWURWUjBQQVFIL0JBUURBZ0trTUE4R0ExVWRFd0VCCi93UUZNQU1CQWY4d0hRWURWUjBPQkJZRUZIMnJEdnNBMTVnZDdrRkxSUDl6UGFhMDRVeFlNQTBHQ1NxR1NJYjMKRFFFQkN3VUFBNElCQVFDVlQreG0vakNvOXpETzV6b3MwQmJzNWduQ1FtVE5wdTQ0RmFjT21xNlR6enIralpERwpFMHdqTlR6RU1PZm1WM0hlVTVKZmZuK3d4dXo4SjJYT29WT0p1R0Q5SVdwVzVIM2JHTEZEeUdZVngyL1F5YllZCndHUUhOQUFzb1FFYVBKK0hPbEE1ZUFiK21uN0ZkYmVidkYzSnNYWWVCUStRaDAvM3BXb3RBdU9URW9CQmpFaVYKUkNXeGV5ZVVWVXZ2dnEyTStlMmQrTXJpK1VZaWRaZFVtWndzYXNwelBjNmFMV2NTT1pzWUh6S0VXb3VqL2hwNgpKS29Wd0p1M1MrSER5dVNtMm5wTkNFdzU3VENoMmV0eGVoYk9lLzR3WW5jWlE2MnpzSkdHVnpDSlhNQkVZN1IxCk8zQ3o0WllYbU5wTHh3K1VFMVJWQkpNVzdiYTNqMWxvRGxlMQotLS0tLUVORCBDRVJUSUZJQ0FURS0tLS0tCg=="
              }
            ],
            "created_at": "2022-04-19 13:47:21.501 +0000 UTC",
            "enabled_cluster_log_types": [],
            "endpoint": "https://E4CC8C621E8DAB38019CB5BAFEBF0065.sk1.ap-east-1.eks.amazonaws.com",
            "id": "education-eks-EjLutf9m",
            "identity": [
              {
                "oidc": [
                  {
                    "issuer": "https://oidc.eks.ap-east-1.amazonaws.com/id/E4CC8C621E8DAB38019CB5BAFEBF0065"
                  }
                ]
              }
            ],
            "kubernetes_network_config": [
              {
                "service_ipv4_cidr": "172.20.0.0/16"
              }
            ],
            "name": "education-eks-EjLutf9m",
            "platform_version": "eks.5",
            "role_arn": "arn:aws:iam::779255550655:role/education-eks-EjLutf9m20220419133802775400000002",
            "status": "ACTIVE",
            "tags": {},
            "version": "1.20",
            "vpc_config": [
              {
                "cluster_security_group_id": "sg-0aad6d560067c0754",
                "endpoint_private_access": false,
                "endpoint_public_access": true,
                "public_access_cidrs": [
                  "0.0.0.0/0"
                ],
                "security_group_ids": [
                  "sg-0bc3d99adba536ca5"
                ],
                "subnet_ids": [
                  "subnet-0572606daa475722d",
                  "subnet-094cf3a33c354f79d",
                  "subnet-0c9b61762a6058d80"
                ],
                "vpc_id": "vpc-0b6c678f0b39114ad"
              }
            ]
          },
          "sensitive_attributes": []
        }
      ]
    },
    {
      "mode": "data",
      "type": "aws_eks_cluster_auth",
      "name": "cluster",
      "provider": "provider[\"registry.terraform.io/hashicorp/aws\"]",
      "instances": [
        {
          "schema_version": 0,
          "attributes": {
            "id": "education-eks-EjLutf9m",
            "name": "education-eks-EjLutf9m",
            "token": "k8s-aws-v1.aHR0cHM6Ly9zdHMuYXAtZWFzdC0xLmFtYXpvbmF3cy5jb20vP0FjdGlvbj1HZXRDYWxsZXJJZGVudGl0eSZWZXJzaW9uPTIwMTEtMDYtMTUmWC1BbXotQWxnb3JpdGhtPUFXUzQtSE1BQy1TSEEyNTYmWC1BbXotQ3JlZGVudGlhbD1BS0lBM0szMkFDSzdVR0JTTFdTSCUyRjIwMjIwNDE5JTJGYXAtZWFzdC0xJTJGc3RzJTJGYXdzNF9yZXF1ZXN0JlgtQW16LURhdGU9MjAyMjA0MTlUMTM1NTQ1WiZYLUFtei1FeHBpcmVzPTAmWC1BbXotU2lnbmVkSGVhZGVycz1ob3N0JTNCeC1rOHMtYXdzLWlkJlgtQW16LVNpZ25hdHVyZT1jZjlmYmEzMzQ5NzNjNTA4YmM4MjY3NjEwYjJjMmJkNWJhMGVmYjIyZjllOGFjOGM1MmFiYzkzZGQyMzQyZjJh"
          },
          "sensitive_attributes": []
        }
      ]
    },
    {
      "mode": "managed",
      "type": "aws_cloudwatch_log_group",
      "name": "terraform_cloudwatch",
      "provider": "provider[\"registry.terraform.io/hashicorp/aws\"]",
      "instances": [
        {
          "schema_version": 0,
          "attributes": {
            "arn": "arn:aws:logs:ap-east-1:779255550655:log-group:terraform-cloudwatch",
            "id": "terraform-cloudwatch",
            "kms_key_id": "",
            "name": "terraform-cloudwatch",
            "name_prefix": null,
            "retention_in_days": 0,
            "tags": {
              "Application": "serviceA",
              "Environment": "production"
            },
            "tags_all": {
              "Application": "serviceA",
              "Environment": "production"
            }
          },
          "sensitive_attributes": [],
          "private": "bnVsbA=="
        }
      ]
    },
    {
      "mode": "managed",
      "type": "aws_instance",
      "name": "myproject",
      "provider": "provider[\"registry.terraform.io/hashicorp/aws\"]",
      "instances": [
        {
          "schema_version": 1,
          "attributes": {
            "ami": "ami-08802ddc5c8ec9283",
            "arn": "arn:aws:ec2:ap-east-1:779255550655:instance/i-00a9b145230f9e511",
            "associate_public_ip_address": true,
            "availability_zone": "ap-east-1b",
            "capacity_reservation_specification": [
              {
                "capacity_reservation_preference": "open",
                "capacity_reservation_target": []
              }
            ],
            "cpu_core_count": 1,
            "cpu_threads_per_core": 2,
            "credit_specification": [
              {
                "cpu_credits": "unlimited"
              }
            ],
            "disable_api_termination": false,
            "ebs_block_device": [],
            "ebs_optimized": false,
            "enclave_options": [
              {
                "enabled": false
              }
            ],
            "ephemeral_block_device": [],
            "get_password_data": false,
            "hibernation": false,
            "host_id": null,
            "iam_instance_profile": "",
            "id": "i-00a9b145230f9e511",
            "instance_initiated_shutdown_behavior": "stop",
            "instance_state": "running",
            "instance_type": "t3.micro",
            "ipv6_address_count": 0,
            "ipv6_addresses": [],
            "key_name": "",
            "launch_template": [],
            "metadata_options": [
              {
                "http_endpoint": "enabled",
                "http_put_response_hop_limit": 1,
                "http_tokens": "optional"
              }
            ],
            "monitoring": false,
            "network_interface": [],
            "outpost_arn": "",
            "password_data": "",
            "placement_group": "",
            "placement_partition_number": null,
            "primary_network_interface_id": "eni-03023571b2fe1fe86",
            "private_dns": "ip-172-31-2-157.ap-east-1.compute.internal",
            "private_ip": "172.31.2.157",
            "public_dns": "ec2-16-162-105-125.ap-east-1.compute.amazonaws.com",
            "public_ip": "16.162.105.125",
            "root_block_device": [
              {
                "delete_on_termination": true,
                "device_name": "/dev/xvda",
                "encrypted": false,
                "iops": 100,
                "kms_key_id": "",
                "tags": {},
                "throughput": 0,
                "volume_id": "vol-0232e2229b9c9b0fc",
                "volume_size": 8,
                "volume_type": "gp2"
              }
            ],
            "secondary_private_ips": [],
            "security_groups": [
              "default"
            ],
            "source_dest_check": true,
            "subnet_id": "subnet-02f0e3cd5b44d3939",
            "tags": {
              "Name": "For_Aws_Terraform"
            },
            "tags_all": {
              "Name": "For_Aws_Terraform"
            },
            "tenancy": "default",
            "timeouts": null,
            "user_data": null,
            "user_data_base64": null,
            "volume_tags": null,
            "vpc_security_group_ids": [
              "sg-042c8925ddc66c5c6"
            ]
          },
          "sensitive_attributes": [],
          "private": "eyJlMmJmYjczMC1lY2FhLTExZTYtOGY4OC0zNDM2M2JjN2M0YzAiOnsiY3JlYXRlIjo2MDAwMDAwMDAwMDAsImRlbGV0ZSI6MTIwMDAwMDAwMDAwMCwidXBkYXRlIjo2MDAwMDAwMDAwMDB9LCJzY2hlbWFfdmVyc2lvbiI6IjEifQ=="
        }
      ]
    },
    {
      "mode": "managed",
      "type": "aws_security_group",
      "name": "all_worker_mgmt",
      "provider": "provider[\"registry.terraform.io/hashicorp/aws\"]",
      "instances": [
        {
          "schema_version": 1,
          "attributes": {
            "arn": "arn:aws:ec2:ap-east-1:779255550655:security-group/sg-05108bb4d0e46f126",
            "description": "Managed by Terraform",
            "egress": [],
            "id": "sg-05108bb4d0e46f126",
            "ingress": [
              {
                "cidr_blocks": [
                  "10.0.0.0/8",
                  "172.16.0.0/12",
                  "192.168.0.0/16"
                ],
                "description": "",
                "from_port": 22,
                "ipv6_cidr_blocks": [],
                "prefix_list_ids": [],
                "protocol": "tcp",
                "security_groups": [],
                "self": false,
                "to_port": 22
              }
            ],
            "name": "all_worker_management20220419134707185600000001",
            "name_prefix": "all_worker_management",
            "owner_id": "779255550655",
            "revoke_rules_on_delete": false,
            "tags": null,
            "tags_all": {},
            "timeouts": null,
            "vpc_id": "vpc-0b6c678f0b39114ad"
          },
          "sensitive_attributes": [],
          "private": "eyJlMmJmYjczMC1lY2FhLTExZTYtOGY4OC0zNDM2M2JjN2M0YzAiOnsiY3JlYXRlIjo2MDAwMDAwMDAwMDAsImRlbGV0ZSI6OTAwMDAwMDAwMDAwfSwic2NoZW1hX3ZlcnNpb24iOiIxIn0=",
          "dependencies": [
            "module.vpc.aws_vpc.this"
          ]
        }
      ]
    },
    {
      "mode": "managed",
      "type": "aws_security_group",
      "name": "worker_group_mgmt_one",
      "provider": "provider[\"registry.terraform.io/hashicorp/aws\"]",
      "instances": [
        {
          "schema_version": 1,
          "attributes": {
            "arn": "arn:aws:ec2:ap-east-1:779255550655:security-group/sg-0970e4230770ea29c",
            "description": "Managed by Terraform",
            "egress": [],
            "id": "sg-0970e4230770ea29c",
            "ingress": [
              {
                "cidr_blocks": [
                  "10.0.0.0/8"
                ],
                "description": "",
                "from_port": 22,
                "ipv6_cidr_blocks": [],
                "prefix_list_ids": [],
                "protocol": "tcp",
                "security_groups": [],
                "self": false,
                "to_port": 22
              }
            ],
            "name": "worker_group_mgmt_one20220419134707196100000003",
            "name_prefix": "worker_group_mgmt_one",
            "owner_id": "779255550655",
            "revoke_rules_on_delete": false,
            "tags": null,
            "tags_all": {},
            "timeouts": null,
            "vpc_id": "vpc-0b6c678f0b39114ad"
          },
          "sensitive_attributes": [],
          "private": "eyJlMmJmYjczMC1lY2FhLTExZTYtOGY4OC0zNDM2M2JjN2M0YzAiOnsiY3JlYXRlIjo2MDAwMDAwMDAwMDAsImRlbGV0ZSI6OTAwMDAwMDAwMDAwfSwic2NoZW1hX3ZlcnNpb24iOiIxIn0=",
          "dependencies": [
            "module.vpc.aws_vpc.this"
          ],
          "create_before_destroy": true
        }
      ]
    },
    {
      "mode": "managed",
      "type": "aws_security_group",
      "name": "worker_group_mgmt_two",
      "provider": "provider[\"registry.terraform.io/hashicorp/aws\"]",
      "instances": [
        {
          "schema_version": 1,
          "attributes": {
            "arn": "arn:aws:ec2:ap-east-1:779255550655:security-group/sg-09f86643c00ac3fac",
            "description": "Managed by Terraform",
            "egress": [],
            "id": "sg-09f86643c00ac3fac",
            "ingress": [
              {
                "cidr_blocks": [
                  "192.168.0.0/16"
                ],
                "description": "",
                "from_port": 22,
                "ipv6_cidr_blocks": [],
                "prefix_list_ids": [],
                "protocol": "tcp",
                "security_groups": [],
                "self": false,
                "to_port": 22
              }
            ],
            "name": "worker_group_mgmt_two20220419134707195400000002",
            "name_prefix": "worker_group_mgmt_two",
            "owner_id": "779255550655",
            "revoke_rules_on_delete": false,
            "tags": null,
            "tags_all": {},
            "timeouts": null,
            "vpc_id": "vpc-0b6c678f0b39114ad"
          },
          "sensitive_attributes": [],
          "private": "eyJlMmJmYjczMC1lY2FhLTExZTYtOGY4OC0zNDM2M2JjN2M0YzAiOnsiY3JlYXRlIjo2MDAwMDAwMDAwMDAsImRlbGV0ZSI6OTAwMDAwMDAwMDAwfSwic2NoZW1hX3ZlcnNpb24iOiIxIn0=",
          "dependencies": [
            "module.vpc.aws_vpc.this"
          ],
          "create_before_destroy": true
        }
      ]
    },
    {
      "mode": "managed",
      "type": "kubernetes_secret",
      "name": "aws_secret",
      "provider": "provider[\"registry.terraform.io/hashicorp/kubernetes\"]",
      "instances": [
        {
          "schema_version": 0,
          "attributes": {
            "binary_data": null,
            "data": {
              "password": "aws@@",
              "username": "andrew"
            },
            "id": "default/basic-auth",
            "immutable": false,
            "metadata": [
              {
                "annotations": null,
                "generate_name": "",
                "generation": 0,
                "labels": null,
                "name": "basic-auth",
                "namespace": "default",
                "resource_version": "708",
                "uid": "50e6fe41-a52f-47f9-8343-da122aa25afd"
              }
            ],
            "type": "kubernetes.io/basic-auth"
          },
          "sensitive_attributes": [],
          "private": "bnVsbA==",
          "dependencies": [
            "data.aws_eks_cluster.cluster",
            "data.aws_eks_cluster_auth.cluster",
            "module.eks.aws_cloudwatch_log_group.this",
            "module.eks.aws_eks_cluster.this",
            "module.eks.aws_iam_role.cluster",
            "module.eks.aws_iam_role_policy_attachment.cluster_AmazonEKSClusterPolicy",
            "module.eks.aws_iam_role_policy_attachment.cluster_AmazonEKSServicePolicy",
            "module.eks.aws_iam_role_policy_attachment.cluster_AmazonEKSVPCResourceControllerPolicy",
            "module.eks.aws_security_group.cluster",
            "module.eks.aws_security_group.workers",
            "module.eks.aws_security_group_rule.cluster_egress_internet",
            "module.eks.aws_security_group_rule.cluster_https_worker_ingress",
            "module.eks.aws_security_group_rule.cluster_private_access_cidrs_source",
            "module.eks.aws_security_group_rule.cluster_private_access_sg_source",
            "module.eks.data.aws_iam_role.custom_cluster_iam_role",
            "module.eks.data.http.wait_for_cluster",
            "module.vpc.aws_subnet.private",
            "module.vpc.aws_vpc.this",
            "random_string.suffix"
          ]
        }
      ]
    },
    {
      "mode": "managed",
      "type": "random_string",
      "name": "suffix",
      "provider": "provider[\"registry.terraform.io/hashicorp/random\"]",
      "instances": [
        {
          "schema_version": 1,
          "attributes": {
            "id": "EjLutf9m",
            "keepers": null,
            "length": 8,
            "lower": true,
            "min_lower": 0,
            "min_numeric": 0,
            "min_special": 0,
            "min_upper": 0,
            "number": true,
            "override_special": null,
            "result": "EjLutf9m",
            "special": false,
            "upper": true
          },
          "sensitive_attributes": [],
          "private": "eyJzY2hlbWFfdmVyc2lvbiI6IjEifQ==",
          "create_before_destroy": true
        }
      ]
    },
    {
      "module": "module.eks",
      "mode": "data",
      "type": "aws_ami",
      "name": "eks_worker",
      "provider": "provider[\"registry.terraform.io/hashicorp/aws\"]",
      "instances": [
        {
          "index_key": 0,
          "schema_version": 0,
          "attributes": {
            "architecture": "x86_64",
            "arn": "arn:aws:ec2:ap-east-1::image/ami-00c458e350b652bd9",
            "block_device_mappings": [
              {
                "device_name": "/dev/xvda",
                "ebs": {
                  "delete_on_termination": "true",
                  "encrypted": "false",
                  "iops": "0",
                  "snapshot_id": "snap-0f3d1cf30b357b601",
                  "throughput": "0",
                  "volume_size": "20",
                  "volume_type": "gp2"
                },
                "no_device": "",
                "virtual_name": ""
              }
            ],
            "creation_date": "2022-04-06T15:04:58.000Z",
            "description": "EKS Kubernetes Worker AMI with AmazonLinux2 image, (k8s: 1.20.11, docker: 20.10.13-2.amzn2, containerd: 1.4.13-2.amzn2.0.1)",
            "ena_support": true,
            "executable_users": null,
            "filter": [
              {
                "name": "name",
                "values": [
                  "amazon-eks-node-1.20-v*"
                ]
              }
            ],
            "hypervisor": "xen",
            "id": "ami-00c458e350b652bd9",
            "image_id": "ami-00c458e350b652bd9",
            "image_location": "amazon/amazon-eks-node-1.20-v20220406",
            "image_owner_alias": "amazon",
            "image_type": "machine",
            "kernel_id": null,
            "most_recent": true,
            "name": "amazon-eks-node-1.20-v20220406",
            "name_regex": null,
            "owner_id": "800184023465",
            "owners": [
              "amazon"
            ],
            "platform": null,
            "platform_details": "Linux/UNIX",
            "product_codes": [],
            "public": true,
            "ramdisk_id": null,
            "root_device_name": "/dev/xvda",
            "root_device_type": "ebs",
            "root_snapshot_id": "snap-0f3d1cf30b357b601",
            "sriov_net_support": "simple",
            "state": "available",
            "state_reason": {
              "code": "UNSET",
              "message": "UNSET"
            },
            "tags": {},
            "usage_operation": "RunInstances",
            "virtualization_type": "hvm"
          },
          "sensitive_attributes": []
        }
      ]
    },
    {
      "module": "module.eks",
      "mode": "data",
      "type": "aws_caller_identity",
      "name": "current",
      "provider": "provider[\"registry.terraform.io/hashicorp/aws\"]",
      "instances": [
        {
          "schema_version": 0,
          "attributes": {
            "account_id": "779255550655",
            "arn": "arn:aws:iam::779255550655:user/terraform_luo",
            "id": "779255550655",
            "user_id": "AIDA3K32ACK74PVU5ZJCQ"
          },
          "sensitive_attributes": []
        }
      ]
    },
    {
      "module": "module.eks",
      "mode": "data",
      "type": "aws_iam_policy_document",
      "name": "cluster_assume_role_policy",
      "provider": "provider[\"registry.terraform.io/hashicorp/aws\"]",
      "instances": [
        {
          "schema_version": 0,
          "attributes": {
            "id": "2764486067",
            "json": "{\n  \"Version\": \"2012-10-17\",\n  \"Statement\": [\n    {\n      \"Sid\": \"EKSClusterAssumeRole\",\n      \"Effect\": \"Allow\",\n      \"Action\": \"sts:AssumeRole\",\n      \"Principal\": {\n        \"Service\": \"eks.amazonaws.com\"\n      }\n    }\n  ]\n}",
            "override_json": null,
            "override_policy_documents": null,
            "policy_id": null,
            "source_json": null,
            "source_policy_documents": null,
            "statement": [
              {
                "actions": [
                  "sts:AssumeRole"
                ],
                "condition": [],
                "effect": "Allow",
                "not_actions": [],
                "not_principals": [],
                "not_resources": [],
                "principals": [
                  {
                    "identifiers": [
                      "eks.amazonaws.com"
                    ],
                    "type": "Service"
                  }
                ],
                "resources": [],
                "sid": "EKSClusterAssumeRole"
              }
            ],
            "version": "2012-10-17"
          },
          "sensitive_attributes": []
        }
      ]
    },
    {
      "module": "module.eks",
      "mode": "data",
      "type": "aws_iam_policy_document",
      "name": "cluster_deny_log_group",
      "provider": "provider[\"registry.terraform.io/hashicorp/aws\"]",
      "instances": [
        {
          "index_key": 0,
          "schema_version": 0,
          "attributes": {
            "id": "2675893060",
            "json": "{\n  \"Version\": \"2012-10-17\",\n  \"Statement\": [\n    {\n      \"Sid\": \"\",\n      \"Effect\": \"Deny\",\n      \"Action\": \"logs:CreateLogGroup\",\n      \"Resource\": \"*\"\n    }\n  ]\n}",
            "override_json": null,
            "override_policy_documents": null,
            "policy_id": null,
            "source_json": null,
            "source_policy_documents": null,
            "statement": [
              {
                "actions": [
                  "logs:CreateLogGroup"
                ],
                "condition": [],
                "effect": "Deny",
                "not_actions": [],
                "not_principals": [],
                "not_resources": [],
                "principals": [],
                "resources": [
                  "*"
                ],
                "sid": ""
              }
            ],
            "version": "2012-10-17"
          },
          "sensitive_attributes": []
        }
      ]
    },
    {
      "module": "module.eks",
      "mode": "data",
      "type": "aws_iam_policy_document",
      "name": "cluster_elb_sl_role_creation",
      "provider": "provider[\"registry.terraform.io/hashicorp/aws\"]",
      "instances": [
        {
          "index_key": 0,
          "schema_version": 0,
          "attributes": {
            "id": "3709839417",
            "json": "{\n  \"Version\": \"2012-10-17\",\n  \"Statement\": [\n    {\n      \"Sid\": \"\",\n      \"Effect\": \"Allow\",\n      \"Action\": [\n        \"ec2:DescribeInternetGateways\",\n        \"ec2:DescribeAddresses\",\n        \"ec2:DescribeAccountAttributes\"\n      ],\n      \"Resource\": \"*\"\n    }\n  ]\n}",
            "override_json": null,
            "override_policy_documents": null,
            "policy_id": null,
            "source_json": null,
            "source_policy_documents": null,
            "statement": [
              {
                "actions": [
                  "ec2:DescribeAccountAttributes",
                  "ec2:DescribeAddresses",
                  "ec2:DescribeInternetGateways"
                ],
                "condition": [],
                "effect": "Allow",
                "not_actions": [],
                "not_principals": [],
                "not_resources": [],
                "principals": [],
                "resources": [
                  "*"
                ],
                "sid": ""
              }
            ],
            "version": "2012-10-17"
          },
          "sensitive_attributes": []
        }
      ]
    },
    {
      "module": "module.eks",
      "mode": "data",
      "type": "aws_iam_policy_document",
      "name": "workers_assume_role_policy",
      "provider": "provider[\"registry.terraform.io/hashicorp/aws\"]",
      "instances": [
        {
          "schema_version": 0,
          "attributes": {
            "id": "3778018924",
            "json": "{\n  \"Version\": \"2012-10-17\",\n  \"Statement\": [\n    {\n      \"Sid\": \"EKSWorkerAssumeRole\",\n      \"Effect\": \"Allow\",\n      \"Action\": \"sts:AssumeRole\",\n      \"Principal\": {\n        \"Service\": \"ec2.amazonaws.com\"\n      }\n    }\n  ]\n}",
            "override_json": null,
            "override_policy_documents": null,
            "policy_id": null,
            "source_json": null,
            "source_policy_documents": null,
            "statement": [
              {
                "actions": [
                  "sts:AssumeRole"
                ],
                "condition": [],
                "effect": "Allow",
                "not_actions": [],
                "not_principals": [],
                "not_resources": [],
                "principals": [
                  {
                    "identifiers": [
                      "ec2.amazonaws.com"
                    ],
                    "type": "Service"
                  }
                ],
                "resources": [],
                "sid": "EKSWorkerAssumeRole"
              }
            ],
            "version": "2012-10-17"
          },
          "sensitive_attributes": []
        }
      ]
    },
    {
      "module": "module.eks",
      "mode": "data",
      "type": "aws_partition",
      "name": "current",
      "provider": "provider[\"registry.terraform.io/hashicorp/aws\"]",
      "instances": [
        {
          "schema_version": 0,
          "attributes": {
            "dns_suffix": "amazonaws.com",
            "id": "aws",
            "partition": "aws",
            "reverse_dns_prefix": "com.amazonaws"
          },
          "sensitive_attributes": []
        }
      ]
    },
    {
      "module": "module.eks",
      "mode": "data",
      "type": "http",
      "name": "wait_for_cluster",
      "provider": "provider[\"registry.terraform.io/terraform-aws-modules/http\"]",
      "instances": [
        {
          "index_key": 0,
          "schema_version": 0,
          "attributes": {
            "body": "ok",
            "ca_certificate": "-----BEGIN CERTIFICATE-----\nMIIC5zCCAc+gAwIBAgIBADANBgkqhkiG9w0BAQsFADAVMRMwEQYDVQQDEwprdWJl\ncm5ldGVzMB4XDTIyMDQxOTEzNTIyM1oXDTMyMDQxNjEzNTIyM1owFTETMBEGA1UE\nAxMKa3ViZXJuZXRlczCCASIwDQYJKoZIhvcNAQEBBQADggEPADCCAQoCggEBANSX\nZi4km68+D60Be+whVL8fT9lvxfRqZFyvSLEkIL5ZopjKd063SRQxuiIhdUyZd0Gf\ntYnWNlD00ctmJDZiQP+T+xRYxKnQowWWwPZRqHw4REx8gbqb+SGCgsoXsClWSxxd\nNMYScv6XTtZz/58Pp1y+TrizrBuiMEwOAhhxOYzOrQmd1QfDVAo0vTLjWWgidZ7R\nXRDXlkXpn+vS1n4DvxrE5Yigxm0hDKoje5gimavp7Gi5ZlyoLodfK2aDRVOsNu2z\n6fNW4Pe/+aueaoa+GX8ZxNv2dX8xlhczGuPIAxSu0WjIf+vI40qko4dvZE5/wmtu\n0IiO8rYuplcTnrTkOrECAwEAAaNCMEAwDgYDVR0PAQH/BAQDAgKkMA8GA1UdEwEB\n/wQFMAMBAf8wHQYDVR0OBBYEFH2rDvsA15gd7kFLRP9zPaa04UxYMA0GCSqGSIb3\nDQEBCwUAA4IBAQCVT+xm/jCo9zDO5zos0Bbs5gnCQmTNpu44FacOmq6Tzzr+jZDG\nE0wjNTzEMOfmV3HeU5Jffn+wxuz8J2XOoVOJuGD9IWpW5H3bGLFDyGYVx2/QybYY\nwGQHNAAsoQEaPJ+HOlA5eAb+mn7FdbebvF3JsXYeBQ+Qh0/3pWotAuOTEoBBjEiV\nRCWxeyeUVUvvvq2M+e2d+Mri+UYidZdUmZwsaspzPc6aLWcSOZsYHzKEWouj/hp6\nJKoVwJu3S+HDyuSm2npNCEw57TCh2etxehbOe/4wYncZQ62zsJGGVzCJXMBEY7R1\nO3Cz4ZYXmNpLxw+UE1RVBJMW7ba3j1loDle1\n-----END CERTIFICATE-----\n",
            "id": "https://E4CC8C621E8DAB38019CB5BAFEBF0065.sk1.ap-east-1.eks.amazonaws.com/healthz",
            "insecure": false,
            "request_headers": null,
            "response_headers": {
              "Cache-Control": "no-cache, private",
              "Content-Length": "2",
              "Content-Type": "text/plain; charset=utf-8",
              "Date": "Tue, 19 Apr 2022 13:55:45 GMT",
              "X-Content-Type-Options": "nosniff",
              "X-Kubernetes-Pf-Flowschema-Uid": "c2e086c5-8e8e-4909-bcd3-f57187d340bf",
              "X-Kubernetes-Pf-Prioritylevel-Uid": "9b4d6925-cbae-4df1-b2c3-da6c06397c60"
            },
            "timeout": 300,
            "url": "https://E4CC8C621E8DAB38019CB5BAFEBF0065.sk1.ap-east-1.eks.amazonaws.com/healthz"
          },
          "sensitive_attributes": []
        }
      ]
    },
    {
      "module": "module.eks",
      "mode": "managed",
      "type": "aws_autoscaling_group",
      "name": "workers",
      "provider": "provider[\"registry.terraform.io/hashicorp/aws\"]",
      "instances": [
        {
          "index_key": 0,
          "schema_version": 0,
          "attributes": {
            "arn": "arn:aws:autoscaling:ap-east-1:779255550655:autoScalingGroup:487f3549-2279-4fc3-8e16-bb7d556b090b:autoScalingGroupName/education-eks-EjLutf9m-worker-group-12022041913555126110000000f",
            "availability_zones": [
              "ap-east-1a",
              "ap-east-1b",
              "ap-east-1c"
            ],
            "capacity_rebalance": false,
            "default_cooldown": 300,
            "desired_capacity": 2,
            "enabled_metrics": null,
            "force_delete": false,
            "force_delete_warm_pool": false,
            "health_check_grace_period": 300,
            "health_check_type": "EC2",
            "id": "education-eks-EjLutf9m-worker-group-12022041913555126110000000f",
            "initial_lifecycle_hook": [],
            "instance_refresh": [],
            "launch_configuration": "education-eks-EjLutf9m-worker-group-12022041913554512470000000c",
            "launch_template": [],
            "load_balancers": null,
            "max_instance_lifetime": 0,
            "max_size": 3,
            "metrics_granularity": "1Minute",
            "min_elb_capacity": null,
            "min_size": 1,
            "mixed_instances_policy": [],
            "name": "education-eks-EjLutf9m-worker-group-12022041913555126110000000f",
            "name_prefix": "education-eks-EjLutf9m-worker-group-1",
            "placement_group": "",
            "protect_from_scale_in": false,
            "service_linked_role_arn": "arn:aws:iam::779255550655:role/aws-service-role/autoscaling.amazonaws.com/AWSServiceRoleForAutoScaling",
            "suspended_processes": [
              "AZRebalance"
            ],
            "tag": [
              {
                "key": "Name",
                "propagate_at_launch": true,
                "value": "education-eks-EjLutf9m-worker-group-1-eks_asg"
              },
              {
                "key": "k8s.io/cluster/education-eks-EjLutf9m",
                "propagate_at_launch": true,
                "value": "owned"
              },
              {
                "key": "kubernetes.io/cluster/education-eks-EjLutf9m",
                "propagate_at_launch": true,
                "value": "owned"
              }
            ],
            "tags": null,
            "target_group_arns": null,
            "termination_policies": [],
            "timeouts": null,
            "vpc_zone_identifier": [
              "subnet-0572606daa475722d",
              "subnet-094cf3a33c354f79d",
              "subnet-0c9b61762a6058d80"
            ],
            "wait_for_capacity_timeout": "10m",
            "wait_for_elb_capacity": null,
            "warm_pool": []
          },
          "sensitive_attributes": [],
          "private": "eyJlMmJmYjczMC1lY2FhLTExZTYtOGY4OC0zNDM2M2JjN2M0YzAiOnsiZGVsZXRlIjo2MDAwMDAwMDAwMDB9fQ==",
          "dependencies": [
            "aws_security_group.worker_group_mgmt_one",
            "aws_security_group.worker_group_mgmt_two",
            "module.eks.aws_cloudwatch_log_group.this",
            "module.eks.aws_eks_cluster.this",
            "module.eks.aws_iam_instance_profile.workers",
            "module.eks.aws_iam_role.cluster",
            "module.eks.aws_iam_role.workers",
            "module.eks.aws_iam_role_policy_attachment.cluster_AmazonEKSClusterPolicy",
            "module.eks.aws_iam_role_policy_attachment.cluster_AmazonEKSServicePolicy",
            "module.eks.aws_iam_role_policy_attachment.cluster_AmazonEKSVPCResourceControllerPolicy",
            "module.eks.aws_iam_role_policy_attachment.workers_AmazonEC2ContainerRegistryReadOnly",
            "module.eks.aws_iam_role_policy_attachment.workers_AmazonEKSWorkerNodePolicy",
            "module.eks.aws_iam_role_policy_attachment.workers_AmazonEKS_CNI_Policy",
            "module.eks.aws_iam_role_policy_attachment.workers_additional_policies",
            "module.eks.aws_launch_configuration.workers",
            "module.eks.aws_security_group.cluster",
            "module.eks.aws_security_group.workers",
            "module.eks.aws_security_group_rule.cluster_egress_internet",
            "module.eks.aws_security_group_rule.cluster_https_worker_ingress",
            "module.eks.aws_security_group_rule.cluster_primary_ingress_workers",
            "module.eks.aws_security_group_rule.workers_egress_internet",
            "module.eks.aws_security_group_rule.workers_ingress_cluster",
            "module.eks.aws_security_group_rule.workers_ingress_cluster_https",
            "module.eks.aws_security_group_rule.workers_ingress_cluster_kubelet",
            "module.eks.aws_security_group_rule.workers_ingress_cluster_primary",
            "module.eks.aws_security_group_rule.workers_ingress_self",
            "module.eks.data.aws_ami.eks_worker",
            "module.eks.data.aws_ami.eks_worker_windows",
            "module.eks.data.aws_iam_instance_profile.custom_worker_group_iam_instance_profile",
            "module.eks.data.aws_iam_policy_document.workers_assume_role_policy",
            "module.eks.data.aws_iam_role.custom_cluster_iam_role",
            "module.eks.data.aws_partition.current",
            "module.vpc.aws_subnet.private",
            "module.vpc.aws_vpc.this",
            "random_string.suffix"
          ],
          "create_before_destroy": true
        },
        {
          "index_key": 1,
          "schema_version": 0,
          "attributes": {
            "arn": "arn:aws:autoscaling:ap-east-1:779255550655:autoScalingGroup:ca9fc052-597c-45d7-afdb-0638631fce73:autoScalingGroupName/education-eks-EjLutf9m-worker-group-22022041913555125320000000e",
            "availability_zones": [
              "ap-east-1a",
              "ap-east-1b",
              "ap-east-1c"
            ],
            "capacity_rebalance": false,
            "default_cooldown": 300,
            "desired_capacity": 1,
            "enabled_metrics": null,
            "force_delete": false,
            "force_delete_warm_pool": false,
            "health_check_grace_period": 300,
            "health_check_type": "EC2",
            "id": "education-eks-EjLutf9m-worker-group-22022041913555125320000000e",
            "initial_lifecycle_hook": [],
            "instance_refresh": [],
            "launch_configuration": "education-eks-EjLutf9m-worker-group-22022041913554512920000000d",
            "launch_template": [],
            "load_balancers": null,
            "max_instance_lifetime": 0,
            "max_size": 3,
            "metrics_granularity": "1Minute",
            "min_elb_capacity": null,
            "min_size": 1,
            "mixed_instances_policy": [],
            "name": "education-eks-EjLutf9m-worker-group-22022041913555125320000000e",
            "name_prefix": "education-eks-EjLutf9m-worker-group-2",
            "placement_group": "",
            "protect_from_scale_in": false,
            "service_linked_role_arn": "arn:aws:iam::779255550655:role/aws-service-role/autoscaling.amazonaws.com/AWSServiceRoleForAutoScaling",
            "suspended_processes": [
              "AZRebalance"
            ],
            "tag": [
              {
                "key": "Name",
                "propagate_at_launch": true,
                "value": "education-eks-EjLutf9m-worker-group-2-eks_asg"
              },
              {
                "key": "k8s.io/cluster/education-eks-EjLutf9m",
                "propagate_at_launch": true,
                "value": "owned"
              },
              {
                "key": "kubernetes.io/cluster/education-eks-EjLutf9m",
                "propagate_at_launch": true,
                "value": "owned"
              }
            ],
            "tags": null,
            "target_group_arns": null,
            "termination_policies": [],
            "timeouts": null,
            "vpc_zone_identifier": [
              "subnet-0572606daa475722d",
              "subnet-094cf3a33c354f79d",
              "subnet-0c9b61762a6058d80"
            ],
            "wait_for_capacity_timeout": "10m",
            "wait_for_elb_capacity": null,
            "warm_pool": []
          },
          "sensitive_attributes": [],
          "private": "eyJlMmJmYjczMC1lY2FhLTExZTYtOGY4OC0zNDM2M2JjN2M0YzAiOnsiZGVsZXRlIjo2MDAwMDAwMDAwMDB9fQ==",
          "dependencies": [
            "aws_security_group.worker_group_mgmt_one",
            "aws_security_group.worker_group_mgmt_two",
            "module.eks.aws_cloudwatch_log_group.this",
            "module.eks.aws_eks_cluster.this",
            "module.eks.aws_iam_instance_profile.workers",
            "module.eks.aws_iam_role.cluster",
            "module.eks.aws_iam_role.workers",
            "module.eks.aws_iam_role_policy_attachment.cluster_AmazonEKSClusterPolicy",
            "module.eks.aws_iam_role_policy_attachment.cluster_AmazonEKSServicePolicy",
            "module.eks.aws_iam_role_policy_attachment.cluster_AmazonEKSVPCResourceControllerPolicy",
            "module.eks.aws_iam_role_policy_attachment.workers_AmazonEC2ContainerRegistryReadOnly",
            "module.eks.aws_iam_role_policy_attachment.workers_AmazonEKSWorkerNodePolicy",
            "module.eks.aws_iam_role_policy_attachment.workers_AmazonEKS_CNI_Policy",
            "module.eks.aws_iam_role_policy_attachment.workers_additional_policies",
            "module.eks.aws_launch_configuration.workers",
            "module.eks.aws_security_group.cluster",
            "module.eks.aws_security_group.workers",
            "module.eks.aws_security_group_rule.cluster_egress_internet",
            "module.eks.aws_security_group_rule.cluster_https_worker_ingress",
            "module.eks.aws_security_group_rule.cluster_primary_ingress_workers",
            "module.eks.aws_security_group_rule.workers_egress_internet",
            "module.eks.aws_security_group_rule.workers_ingress_cluster",
            "module.eks.aws_security_group_rule.workers_ingress_cluster_https",
            "module.eks.aws_security_group_rule.workers_ingress_cluster_kubelet",
            "module.eks.aws_security_group_rule.workers_ingress_cluster_primary",
            "module.eks.aws_security_group_rule.workers_ingress_self",
            "module.eks.data.aws_ami.eks_worker",
            "module.eks.data.aws_ami.eks_worker_windows",
            "module.eks.data.aws_iam_instance_profile.custom_worker_group_iam_instance_profile",
            "module.eks.data.aws_iam_policy_document.workers_assume_role_policy",
            "module.eks.data.aws_iam_role.custom_cluster_iam_role",
            "module.eks.data.aws_partition.current",
            "module.vpc.aws_subnet.private",
            "module.vpc.aws_vpc.this",
            "random_string.suffix"
          ],
          "create_before_destroy": true
        }
      ]
    },
    {
      "module": "module.eks",
      "mode": "managed",
      "type": "aws_eks_cluster",
      "name": "this",
      "provider": "provider[\"registry.terraform.io/hashicorp/aws\"]",
      "instances": [
        {
          "index_key": 0,
          "schema_version": 0,
          "attributes": {
            "arn": "arn:aws:eks:ap-east-1:779255550655:cluster/education-eks-EjLutf9m",
            "certificate_authority": [
              {
                "data": "LS0tLS1CRUdJTiBDRVJUSUZJQ0FURS0tLS0tCk1JSUM1ekNDQWMrZ0F3SUJBZ0lCQURBTkJna3Foa2lHOXcwQkFRc0ZBREFWTVJNd0VRWURWUVFERXdwcmRXSmwKY201bGRHVnpNQjRYRFRJeU1EUXhPVEV6TlRJeU0xb1hEVE15TURReE5qRXpOVEl5TTFvd0ZURVRNQkVHQTFVRQpBeE1LYTNWaVpYSnVaWFJsY3pDQ0FTSXdEUVlKS29aSWh2Y05BUUVCQlFBRGdnRVBBRENDQVFvQ2dnRUJBTlNYClppNGttNjgrRDYwQmUrd2hWTDhmVDlsdnhmUnFaRnl2U0xFa0lMNVpvcGpLZDA2M1NSUXh1aUloZFV5WmQwR2YKdFluV05sRDAwY3RtSkRaaVFQK1QreFJZeEtuUW93V1d3UFpScUh3NFJFeDhnYnFiK1NHQ2dzb1hzQ2xXU3h4ZApOTVlTY3Y2WFR0WnovNThQcDF5K1RyaXpyQnVpTUV3T0FoaHhPWXpPclFtZDFRZkRWQW8wdlRMaldXZ2lkWjdSClhSRFhsa1hwbit2UzFuNER2eHJFNVlpZ3htMGhES29qZTVnaW1hdnA3R2k1Wmx5b0xvZGZLMmFEUlZPc051MnoKNmZOVzRQZS8rYXVlYW9hK0dYOFp4TnYyZFg4eGxoY3pHdVBJQXhTdTBXaklmK3ZJNDBxa280ZHZaRTUvd210dQowSWlPOHJZdXBsY1RuclRrT3JFQ0F3RUFBYU5DTUVBd0RnWURWUjBQQVFIL0JBUURBZ0trTUE4R0ExVWRFd0VCCi93UUZNQU1CQWY4d0hRWURWUjBPQkJZRUZIMnJEdnNBMTVnZDdrRkxSUDl6UGFhMDRVeFlNQTBHQ1NxR1NJYjMKRFFFQkN3VUFBNElCQVFDVlQreG0vakNvOXpETzV6b3MwQmJzNWduQ1FtVE5wdTQ0RmFjT21xNlR6enIralpERwpFMHdqTlR6RU1PZm1WM0hlVTVKZmZuK3d4dXo4SjJYT29WT0p1R0Q5SVdwVzVIM2JHTEZEeUdZVngyL1F5YllZCndHUUhOQUFzb1FFYVBKK0hPbEE1ZUFiK21uN0ZkYmVidkYzSnNYWWVCUStRaDAvM3BXb3RBdU9URW9CQmpFaVYKUkNXeGV5ZVVWVXZ2dnEyTStlMmQrTXJpK1VZaWRaZFVtWndzYXNwelBjNmFMV2NTT1pzWUh6S0VXb3VqL2hwNgpKS29Wd0p1M1MrSER5dVNtMm5wTkNFdzU3VENoMmV0eGVoYk9lLzR3WW5jWlE2MnpzSkdHVnpDSlhNQkVZN1IxCk8zQ3o0WllYbU5wTHh3K1VFMVJWQkpNVzdiYTNqMWxvRGxlMQotLS0tLUVORCBDRVJUSUZJQ0FURS0tLS0tCg=="
              }
            ],
            "created_at": "2022-04-19 13:47:21.501 +0000 UTC",
            "enabled_cluster_log_types": null,
            "encryption_config": [],
            "endpoint": "https://E4CC8C621E8DAB38019CB5BAFEBF0065.sk1.ap-east-1.eks.amazonaws.com",
            "id": "education-eks-EjLutf9m",
            "identity": [
              {
                "oidc": [
                  {
                    "issuer": "https://oidc.eks.ap-east-1.amazonaws.com/id/E4CC8C621E8DAB38019CB5BAFEBF0065"
                  }
                ]
              }
            ],
            "kubernetes_network_config": [
              {
                "service_ipv4_cidr": "172.20.0.0/16"
              }
            ],
            "name": "education-eks-EjLutf9m",
            "platform_version": "eks.5",
            "role_arn": "arn:aws:iam::779255550655:role/education-eks-EjLutf9m20220419133802775400000002",
            "status": "ACTIVE",
            "tags": null,
            "tags_all": {},
            "timeouts": {
              "create": "30m",
              "delete": "15m",
              "update": "60m"
            },
            "version": "1.20",
            "vpc_config": [
              {
                "cluster_security_group_id": "sg-0aad6d560067c0754",
                "endpoint_private_access": false,
                "endpoint_public_access": true,
                "public_access_cidrs": [
                  "0.0.0.0/0"
                ],
                "security_group_ids": [
                  "sg-0bc3d99adba536ca5"
                ],
                "subnet_ids": [
                  "subnet-0572606daa475722d",
                  "subnet-094cf3a33c354f79d",
                  "subnet-0c9b61762a6058d80"
                ],
                "vpc_id": "vpc-0b6c678f0b39114ad"
              }
            ]
          },
          "sensitive_attributes": [],
          "private": "eyJlMmJmYjczMC1lY2FhLTExZTYtOGY4OC0zNDM2M2JjN2M0YzAiOnsiY3JlYXRlIjoxODAwMDAwMDAwMDAwLCJkZWxldGUiOjkwMDAwMDAwMDAwMCwidXBkYXRlIjozNjAwMDAwMDAwMDAwfX0=",
          "dependencies": [
            "module.eks.aws_cloudwatch_log_group.this",
            "module.eks.aws_iam_role.cluster",
            "module.eks.aws_iam_role_policy_attachment.cluster_AmazonEKSClusterPolicy",
            "module.eks.aws_iam_role_policy_attachment.cluster_AmazonEKSServicePolicy",
            "module.eks.aws_iam_role_policy_attachment.cluster_AmazonEKSVPCResourceControllerPolicy",
            "module.eks.aws_security_group.cluster",
            "module.eks.aws_security_group.workers",
            "module.eks.aws_security_group_rule.cluster_egress_internet",
            "module.eks.aws_security_group_rule.cluster_https_worker_ingress",
            "module.eks.data.aws_iam_role.custom_cluster_iam_role",
            "module.vpc.aws_subnet.private",
            "module.vpc.aws_vpc.this",
            "random_string.suffix"
          ],
          "create_before_destroy": true
        }
      ]
    },
    {
      "module": "module.eks",
      "mode": "managed",
      "type": "aws_iam_instance_profile",
      "name": "workers",
      "provider": "provider[\"registry.terraform.io/hashicorp/aws\"]",
      "instances": [
        {
          "index_key": 0,
          "schema_version": 0,
          "attributes": {
            "arn": "arn:aws:iam::779255550655:instance-profile/education-eks-EjLutf9m20220419135544873800000007",
            "create_date": "2022-04-19T13:55:44Z",
            "id": "education-eks-EjLutf9m20220419135544873800000007",
            "name": "education-eks-EjLutf9m20220419135544873800000007",
            "name_prefix": "education-eks-EjLutf9m",
            "path": "/",
            "role": "education-eks-EjLutf9m20220419135544603000000006",
            "tags": null,
            "tags_all": {},
            "unique_id": "AIPA3K32ACK72VZ7JS4VS"
          },
          "sensitive_attributes": [],
          "private": "bnVsbA==",
          "dependencies": [
            "aws_security_group.worker_group_mgmt_one",
            "aws_security_group.worker_group_mgmt_two",
            "module.eks.aws_cloudwatch_log_group.this",
            "module.eks.aws_eks_cluster.this",
            "module.eks.aws_iam_role.cluster",
            "module.eks.aws_iam_role.workers",
            "module.eks.aws_iam_role_policy_attachment.cluster_AmazonEKSClusterPolicy",
            "module.eks.aws_iam_role_policy_attachment.cluster_AmazonEKSServicePolicy",
            "module.eks.aws_iam_role_policy_attachment.cluster_AmazonEKSVPCResourceControllerPolicy",
            "module.eks.aws_security_group.cluster",
            "module.eks.aws_security_group.workers",
            "module.eks.aws_security_group_rule.cluster_egress_internet",
            "module.eks.aws_security_group_rule.cluster_https_worker_ingress",
            "module.eks.data.aws_iam_policy_document.workers_assume_role_policy",
            "module.eks.data.aws_iam_role.custom_cluster_iam_role",
            "module.vpc.aws_subnet.private",
            "module.vpc.aws_vpc.this",
            "random_string.suffix"
          ],
          "create_before_destroy": true
        },
        {
          "index_key": 1,
          "schema_version": 0,
          "attributes": {
            "arn": "arn:aws:iam::779255550655:instance-profile/education-eks-EjLutf9m20220419135544874500000008",
            "create_date": "2022-04-19T13:55:44Z",
            "id": "education-eks-EjLutf9m20220419135544874500000008",
            "name": "education-eks-EjLutf9m20220419135544874500000008",
            "name_prefix": "education-eks-EjLutf9m",
            "path": "/",
            "role": "education-eks-EjLutf9m20220419135544603000000006",
            "tags": null,
            "tags_all": {},
            "unique_id": "AIPA3K32ACK7WQMFMRGWU"
          },
          "sensitive_attributes": [],
          "private": "bnVsbA==",
          "dependencies": [
            "aws_security_group.worker_group_mgmt_one",
            "aws_security_group.worker_group_mgmt_two",
            "module.eks.aws_cloudwatch_log_group.this",
            "module.eks.aws_eks_cluster.this",
            "module.eks.aws_iam_role.cluster",
            "module.eks.aws_iam_role.workers",
            "module.eks.aws_iam_role_policy_attachment.cluster_AmazonEKSClusterPolicy",
            "module.eks.aws_iam_role_policy_attachment.cluster_AmazonEKSServicePolicy",
            "module.eks.aws_iam_role_policy_attachment.cluster_AmazonEKSVPCResourceControllerPolicy",
            "module.eks.aws_security_group.cluster",
            "module.eks.aws_security_group.workers",
            "module.eks.aws_security_group_rule.cluster_egress_internet",
            "module.eks.aws_security_group_rule.cluster_https_worker_ingress",
            "module.eks.data.aws_iam_policy_document.workers_assume_role_policy",
            "module.eks.data.aws_iam_role.custom_cluster_iam_role",
            "module.vpc.aws_subnet.private",
            "module.vpc.aws_vpc.this",
            "random_string.suffix"
          ],
          "create_before_destroy": true
        }
      ]
    },
    {
      "module": "module.eks",
      "mode": "managed",
      "type": "aws_iam_policy",
      "name": "cluster_deny_log_group",
      "provider": "provider[\"registry.terraform.io/hashicorp/aws\"]",
      "instances": [
        {
          "index_key": 0,
          "schema_version": 0,
          "attributes": {
            "arn": "arn:aws:iam::779255550655:policy/education-eks-EjLutf9m-deny-log-group20220419133802829400000005",
            "description": "Deny CreateLogGroup",
            "id": "arn:aws:iam::779255550655:policy/education-eks-EjLutf9m-deny-log-group20220419133802829400000005",
            "name": "education-eks-EjLutf9m-deny-log-group20220419133802829400000005",
            "name_prefix": "education-eks-EjLutf9m-deny-log-group",
            "path": "/",
            "policy": "{\n  \"Version\": \"2012-10-17\",\n  \"Statement\": [\n    {\n      \"Sid\": \"\",\n      \"Effect\": \"Deny\",\n      \"Action\": \"logs:CreateLogGroup\",\n      \"Resource\": \"*\"\n    }\n  ]\n}",
            "policy_id": "ANPA3K32ACK7WHNBUGQ7X",
            "tags": {},
            "tags_all": {}
          },
          "sensitive_attributes": [],
          "private": "bnVsbA==",
          "dependencies": [
            "module.eks.data.aws_iam_policy_document.cluster_deny_log_group",
            "random_string.suffix"
          ]
        }
      ]
    },
    {
      "module": "module.eks",
      "mode": "managed",
      "type": "aws_iam_policy",
      "name": "cluster_elb_sl_role_creation",
      "provider": "provider[\"registry.terraform.io/hashicorp/aws\"]",
      "instances": [
        {
          "index_key": 0,
          "schema_version": 0,
          "attributes": {
            "arn": "arn:aws:iam::779255550655:policy/education-eks-EjLutf9m-elb-sl-role-creation20220419133802682700000001",
            "description": "Permissions for EKS to create AWSServiceRoleForElasticLoadBalancing service-linked role",
            "id": "arn:aws:iam::779255550655:policy/education-eks-EjLutf9m-elb-sl-role-creation20220419133802682700000001",
            "name": "education-eks-EjLutf9m-elb-sl-role-creation20220419133802682700000001",
            "name_prefix": "education-eks-EjLutf9m-elb-sl-role-creation",
            "path": "/",
            "policy": "{\n  \"Version\": \"2012-10-17\",\n  \"Statement\": [\n    {\n      \"Sid\": \"\",\n      \"Effect\": \"Allow\",\n      \"Action\": [\n        \"ec2:DescribeInternetGateways\",\n        \"ec2:DescribeAddresses\",\n        \"ec2:DescribeAccountAttributes\"\n      ],\n      \"Resource\": \"*\"\n    }\n  ]\n}",
            "policy_id": "ANPA3K32ACK733SIP7N5R",
            "tags": {},
            "tags_all": {}
          },
          "sensitive_attributes": [],
          "private": "bnVsbA==",
          "dependencies": [
            "module.eks.data.aws_iam_policy_document.cluster_elb_sl_role_creation",
            "random_string.suffix"
          ]
        }
      ]
    },
    {
      "module": "module.eks",
      "mode": "managed",
      "type": "aws_iam_role",
      "name": "cluster",
      "provider": "provider[\"registry.terraform.io/hashicorp/aws\"]",
      "instances": [
        {
          "index_key": 0,
          "schema_version": 0,
          "attributes": {
            "arn": "arn:aws:iam::779255550655:role/education-eks-EjLutf9m20220419133802775400000002",
            "assume_role_policy": "{\"Version\":\"2012-10-17\",\"Statement\":[{\"Sid\":\"EKSClusterAssumeRole\",\"Effect\":\"Allow\",\"Principal\":{\"Service\":\"eks.amazonaws.com\"},\"Action\":\"sts:AssumeRole\"}]}",
            "create_date": "2022-04-19T13:38:02Z",
            "description": "",
            "force_detach_policies": true,
            "id": "education-eks-EjLutf9m20220419133802775400000002",
            "inline_policy": [
              {
                "name": "",
                "policy": ""
              }
            ],
            "managed_policy_arns": [
              "arn:aws:iam::779255550655:policy/education-eks-EjLutf9m-deny-log-group20220419133802829400000005",
              "arn:aws:iam::779255550655:policy/education-eks-EjLutf9m-elb-sl-role-creation20220419133802682700000001",
              "arn:aws:iam::aws:policy/AmazonEKSClusterPolicy",
              "arn:aws:iam::aws:policy/AmazonEKSServicePolicy",
              "arn:aws:iam::aws:policy/AmazonEKSVPCResourceController"
            ],
            "max_session_duration": 3600,
            "name": "education-eks-EjLutf9m20220419133802775400000002",
            "name_prefix": "education-eks-EjLutf9m",
            "path": "/",
            "permissions_boundary": null,
            "tags": {},
            "tags_all": {},
            "unique_id": "AROA3K32ACK73JL5TQUXN"
          },
          "sensitive_attributes": [],
          "private": "bnVsbA==",
          "dependencies": [
            "module.eks.data.aws_iam_policy_document.cluster_assume_role_policy",
            "random_string.suffix"
          ],
          "create_before_destroy": true
        }
      ]
    },
    {
      "module": "module.eks",
      "mode": "managed",
      "type": "aws_iam_role",
      "name": "workers",
      "provider": "provider[\"registry.terraform.io/hashicorp/aws\"]",
      "instances": [
        {
          "index_key": 0,
          "schema_version": 0,
          "attributes": {
            "arn": "arn:aws:iam::779255550655:role/education-eks-EjLutf9m20220419135544603000000006",
            "assume_role_policy": "{\"Version\":\"2012-10-17\",\"Statement\":[{\"Sid\":\"EKSWorkerAssumeRole\",\"Effect\":\"Allow\",\"Principal\":{\"Service\":\"ec2.amazonaws.com\"},\"Action\":\"sts:AssumeRole\"}]}",
            "create_date": "2022-04-19T13:55:44Z",
            "description": "",
            "force_detach_policies": true,
            "id": "education-eks-EjLutf9m20220419135544603000000006",
            "inline_policy": [
              {
                "name": "",
                "policy": ""
              }
            ],
            "managed_policy_arns": [],
            "max_session_duration": 3600,
            "name": "education-eks-EjLutf9m20220419135544603000000006",
            "name_prefix": "education-eks-EjLutf9m",
            "path": "/",
            "permissions_boundary": null,
            "tags": null,
            "tags_all": {},
            "unique_id": "AROA3K32ACK7R637OCAXC"
          },
          "sensitive_attributes": [],
          "private": "bnVsbA==",
          "dependencies": [
            "module.eks.aws_cloudwatch_log_group.this",
            "module.eks.aws_eks_cluster.this",
            "module.eks.aws_iam_role.cluster",
            "module.eks.aws_iam_role_policy_attachment.cluster_AmazonEKSClusterPolicy",
            "module.eks.aws_iam_role_policy_attachment.cluster_AmazonEKSServicePolicy",
            "module.eks.aws_iam_role_policy_attachment.cluster_AmazonEKSVPCResourceControllerPolicy",
            "module.eks.aws_security_group.cluster",
            "module.eks.aws_security_group.workers",
            "module.eks.aws_security_group_rule.cluster_egress_internet",
            "module.eks.aws_security_group_rule.cluster_https_worker_ingress",
            "module.eks.data.aws_iam_policy_document.workers_assume_role_policy",
            "module.eks.data.aws_iam_role.custom_cluster_iam_role",
            "module.vpc.aws_subnet.private",
            "module.vpc.aws_vpc.this",
            "random_string.suffix"
          ],
          "create_before_destroy": true
        }
      ]
    },
    {
      "module": "module.eks",
      "mode": "managed",
      "type": "aws_iam_role_policy_attachment",
      "name": "cluster_AmazonEKSClusterPolicy",
      "provider": "provider[\"registry.terraform.io/hashicorp/aws\"]",
      "instances": [
        {
          "index_key": 0,
          "schema_version": 0,
          "attributes": {
            "id": "education-eks-EjLutf9m20220419133802775400000002-20220419133803179200000008",
            "policy_arn": "arn:aws:iam::aws:policy/AmazonEKSClusterPolicy",
            "role": "education-eks-EjLutf9m20220419133802775400000002"
          },
          "sensitive_attributes": [],
          "private": "bnVsbA==",
          "dependencies": [
            "module.eks.aws_iam_role.cluster",
            "module.eks.data.aws_iam_policy_document.cluster_assume_role_policy",
            "module.eks.data.aws_partition.current",
            "random_string.suffix"
          ],
          "create_before_destroy": true
        }
      ]
    },
    {
      "module": "module.eks",
      "mode": "managed",
      "type": "aws_iam_role_policy_attachment",
      "name": "cluster_AmazonEKSServicePolicy",
      "provider": "provider[\"registry.terraform.io/hashicorp/aws\"]",
      "instances": [
        {
          "index_key": 0,
          "schema_version": 0,
          "attributes": {
            "id": "education-eks-EjLutf9m20220419133802775400000002-20220419133803178900000007",
            "policy_arn": "arn:aws:iam::aws:policy/AmazonEKSServicePolicy",
            "role": "education-eks-EjLutf9m20220419133802775400000002"
          },
          "sensitive_attributes": [],
          "private": "bnVsbA==",
          "dependencies": [
            "module.eks.aws_iam_role.cluster",
            "module.eks.data.aws_iam_policy_document.cluster_assume_role_policy",
            "module.eks.data.aws_partition.current",
            "random_string.suffix"
          ],
          "create_before_destroy": true
        }
      ]
    },
    {
      "module": "module.eks",
      "mode": "managed",
      "type": "aws_iam_role_policy_attachment",
      "name": "cluster_AmazonEKSVPCResourceControllerPolicy",
      "provider": "provider[\"registry.terraform.io/hashicorp/aws\"]",
      "instances": [
        {
          "index_key": 0,
          "schema_version": 0,
          "attributes": {
            "id": "education-eks-EjLutf9m20220419133802775400000002-20220419133803170900000006",
            "policy_arn": "arn:aws:iam::aws:policy/AmazonEKSVPCResourceController",
            "role": "education-eks-EjLutf9m20220419133802775400000002"
          },
          "sensitive_attributes": [],
          "private": "bnVsbA==",
          "dependencies": [
            "module.eks.aws_iam_role.cluster",
            "module.eks.data.aws_iam_policy_document.cluster_assume_role_policy",
            "module.eks.data.aws_partition.current",
            "random_string.suffix"
          ],
          "create_before_destroy": true
        }
      ]
    },
    {
      "module": "module.eks",
      "mode": "managed",
      "type": "aws_iam_role_policy_attachment",
      "name": "cluster_deny_log_group",
      "provider": "provider[\"registry.terraform.io/hashicorp/aws\"]",
      "instances": [
        {
          "index_key": 0,
          "schema_version": 0,
          "attributes": {
            "id": "education-eks-EjLutf9m20220419133802775400000002-2022041913380319460000000a",
            "policy_arn": "arn:aws:iam::779255550655:policy/education-eks-EjLutf9m-deny-log-group20220419133802829400000005",
            "role": "education-eks-EjLutf9m20220419133802775400000002"
          },
          "sensitive_attributes": [],
          "private": "bnVsbA==",
          "dependencies": [
            "module.eks.aws_iam_policy.cluster_deny_log_group",
            "module.eks.aws_iam_role.cluster",
            "module.eks.data.aws_iam_policy_document.cluster_assume_role_policy",
            "module.eks.data.aws_iam_policy_document.cluster_deny_log_group",
            "random_string.suffix"
          ]
        }
      ]
    },
    {
      "module": "module.eks",
      "mode": "managed",
      "type": "aws_iam_role_policy_attachment",
      "name": "cluster_elb_sl_role_creation",
      "provider": "provider[\"registry.terraform.io/hashicorp/aws\"]",
      "instances": [
        {
          "index_key": 0,
          "schema_version": 0,
          "attributes": {
            "id": "education-eks-EjLutf9m20220419133802775400000002-20220419133803185700000009",
            "policy_arn": "arn:aws:iam::779255550655:policy/education-eks-EjLutf9m-elb-sl-role-creation20220419133802682700000001",
            "role": "education-eks-EjLutf9m20220419133802775400000002"
          },
          "sensitive_attributes": [],
          "private": "bnVsbA==",
          "dependencies": [
            "module.eks.aws_iam_policy.cluster_elb_sl_role_creation",
            "module.eks.aws_iam_role.cluster",
            "module.eks.data.aws_iam_policy_document.cluster_assume_role_policy",
            "module.eks.data.aws_iam_policy_document.cluster_elb_sl_role_creation",
            "random_string.suffix"
          ]
        }
      ]
    },
    {
      "module": "module.eks",
      "mode": "managed",
      "type": "aws_iam_role_policy_attachment",
      "name": "workers_AmazonEC2ContainerRegistryReadOnly",
      "provider": "provider[\"registry.terraform.io/hashicorp/aws\"]",
      "instances": [
        {
          "index_key": 0,
          "schema_version": 0,
          "attributes": {
            "id": "education-eks-EjLutf9m20220419135544603000000006-2022041913554495830000000b",
            "policy_arn": "arn:aws:iam::aws:policy/AmazonEC2ContainerRegistryReadOnly",
            "role": "education-eks-EjLutf9m20220419135544603000000006"
          },
          "sensitive_attributes": [],
          "private": "bnVsbA==",
          "dependencies": [
            "module.eks.aws_cloudwatch_log_group.this",
            "module.eks.aws_eks_cluster.this",
            "module.eks.aws_iam_role.cluster",
            "module.eks.aws_iam_role.workers",
            "module.eks.aws_iam_role_policy_attachment.cluster_AmazonEKSClusterPolicy",
            "module.eks.aws_iam_role_policy_attachment.cluster_AmazonEKSServicePolicy",
            "module.eks.aws_iam_role_policy_attachment.cluster_AmazonEKSVPCResourceControllerPolicy",
            "module.eks.aws_security_group.cluster",
            "module.eks.aws_security_group.workers",
            "module.eks.aws_security_group_rule.cluster_egress_internet",
            "module.eks.aws_security_group_rule.cluster_https_worker_ingress",
            "module.eks.data.aws_iam_policy_document.workers_assume_role_policy",
            "module.eks.data.aws_iam_role.custom_cluster_iam_role",
            "module.eks.data.aws_partition.current",
            "module.vpc.aws_subnet.private",
            "module.vpc.aws_vpc.this",
            "random_string.suffix"
          ],
          "create_before_destroy": true
        }
      ]
    },
    {
      "module": "module.eks",
      "mode": "managed",
      "type": "aws_iam_role_policy_attachment",
      "name": "workers_AmazonEKSWorkerNodePolicy",
      "provider": "provider[\"registry.terraform.io/hashicorp/aws\"]",
      "instances": [
        {
          "index_key": 0,
          "schema_version": 0,
          "attributes": {
            "id": "education-eks-EjLutf9m20220419135544603000000006-2022041913554494910000000a",
            "policy_arn": "arn:aws:iam::aws:policy/AmazonEKSWorkerNodePolicy",
            "role": "education-eks-EjLutf9m20220419135544603000000006"
          },
          "sensitive_attributes": [],
          "private": "bnVsbA==",
          "dependencies": [
            "module.eks.aws_cloudwatch_log_group.this",
            "module.eks.aws_eks_cluster.this",
            "module.eks.aws_iam_role.cluster",
            "module.eks.aws_iam_role.workers",
            "module.eks.aws_iam_role_policy_attachment.cluster_AmazonEKSClusterPolicy",
            "module.eks.aws_iam_role_policy_attachment.cluster_AmazonEKSServicePolicy",
            "module.eks.aws_iam_role_policy_attachment.cluster_AmazonEKSVPCResourceControllerPolicy",
            "module.eks.aws_security_group.cluster",
            "module.eks.aws_security_group.workers",
            "module.eks.aws_security_group_rule.cluster_egress_internet",
            "module.eks.aws_security_group_rule.cluster_https_worker_ingress",
            "module.eks.data.aws_iam_policy_document.workers_assume_role_policy",
            "module.eks.data.aws_iam_role.custom_cluster_iam_role",
            "module.eks.data.aws_partition.current",
            "module.vpc.aws_subnet.private",
            "module.vpc.aws_vpc.this",
            "random_string.suffix"
          ],
          "create_before_destroy": true
        }
      ]
    },
    {
      "module": "module.eks",
      "mode": "managed",
      "type": "aws_iam_role_policy_attachment",
      "name": "workers_AmazonEKS_CNI_Policy",
      "provider": "provider[\"registry.terraform.io/hashicorp/aws\"]",
      "instances": [
        {
          "index_key": 0,
          "schema_version": 0,
          "attributes": {
            "id": "education-eks-EjLutf9m20220419135544603000000006-20220419135544947200000009",
            "policy_arn": "arn:aws:iam::aws:policy/AmazonEKS_CNI_Policy",
            "role": "education-eks-EjLutf9m20220419135544603000000006"
          },
          "sensitive_attributes": [],
          "private": "bnVsbA==",
          "dependencies": [
            "module.eks.aws_cloudwatch_log_group.this",
            "module.eks.aws_eks_cluster.this",
            "module.eks.aws_iam_role.cluster",
            "module.eks.aws_iam_role.workers",
            "module.eks.aws_iam_role_policy_attachment.cluster_AmazonEKSClusterPolicy",
            "module.eks.aws_iam_role_policy_attachment.cluster_AmazonEKSServicePolicy",
            "module.eks.aws_iam_role_policy_attachment.cluster_AmazonEKSVPCResourceControllerPolicy",
            "module.eks.aws_security_group.cluster",
            "module.eks.aws_security_group.workers",
            "module.eks.aws_security_group_rule.cluster_egress_internet",
            "module.eks.aws_security_group_rule.cluster_https_worker_ingress",
            "module.eks.data.aws_iam_policy_document.workers_assume_role_policy",
            "module.eks.data.aws_iam_role.custom_cluster_iam_role",
            "module.eks.data.aws_partition.current",
            "module.vpc.aws_subnet.private",
            "module.vpc.aws_vpc.this",
            "random_string.suffix"
          ],
          "create_before_destroy": true
        }
      ]
    },
    {
      "module": "module.eks",
      "mode": "managed",
      "type": "aws_launch_configuration",
      "name": "workers",
      "provider": "provider[\"registry.terraform.io/hashicorp/aws\"]",
      "instances": [
        {
          "index_key": 0,
          "schema_version": 0,
          "attributes": {
            "arn": "arn:aws:autoscaling:ap-east-1:779255550655:launchConfiguration:f9277218-50f3-4663-9e48-9e3fdf2abff7:launchConfigurationName/education-eks-EjLutf9m-worker-group-12022041913554512470000000c",
            "associate_public_ip_address": false,
            "ebs_block_device": [],
            "ebs_optimized": true,
            "enable_monitoring": true,
            "ephemeral_block_device": [],
            "iam_instance_profile": "education-eks-EjLutf9m20220419135544873800000007",
            "id": "education-eks-EjLutf9m-worker-group-12022041913554512470000000c",
            "image_id": "ami-00c458e350b652bd9",
            "instance_type": "t3.micro",
            "key_name": "",
            "metadata_options": [
              {
                "http_endpoint": "enabled",
                "http_put_response_hop_limit": 1,
                "http_tokens": "optional"
              }
            ],
            "name": "education-eks-EjLutf9m-worker-group-12022041913554512470000000c",
            "name_prefix": "education-eks-EjLutf9m-worker-group-1",
            "placement_tenancy": "",
            "root_block_device": [
              {
                "delete_on_termination": true,
                "encrypted": false,
                "iops": 0,
                "throughput": 0,
                "volume_size": 100,
                "volume_type": "gp2"
              }
            ],
            "security_groups": [
              "sg-0970e4230770ea29c",
              "sg-0f44a201a6b068d31"
            ],
            "spot_price": "",
            "user_data": null,
            "user_data_base64": "IyEvYmluL2Jhc2ggLWUKCiMgQWxsb3cgdXNlciBzdXBwbGllZCBwcmUgdXNlcmRhdGEgY29kZQoKCiMgQm9vdHN0cmFwIGFuZCBqb2luIHRoZSBjbHVzdGVyCi9ldGMvZWtzL2Jvb3RzdHJhcC5zaCAtLWI2NC1jbHVzdGVyLWNhICdMUzB0TFMxQ1JVZEpUaUJEUlZKVVNVWkpRMEZVUlMwdExTMHRDazFKU1VNMWVrTkRRV01yWjBGM1NVSkJaMGxDUVVSQlRrSm5hM0ZvYTJsSE9YY3dRa0ZSYzBaQlJFRldUVkpOZDBWUldVUldVVkZFUlhkd2NtUlhTbXdLWTIwMWJHUkhWbnBOUWpSWVJGUkplVTFFVVhoUFZFVjZUbFJKZVUweGIxaEVWRTE1VFVSUmVFNXFSWHBPVkVsNVRURnZkMFpVUlZSTlFrVkhRVEZWUlFwQmVFMUxZVE5XYVZwWVNuVmFXRkpzWTNwRFEwRlRTWGRFVVZsS1MyOWFTV2gyWTA1QlVVVkNRbEZCUkdkblJWQkJSRU5EUVZGdlEyZG5SVUpCVGxOWUNscHBOR3R0TmpnclJEWXdRbVVyZDJoV1REaG1WRGxzZG5obVVuRmFSbmwyVTB4RmEwbE1OVnB2Y0dwTFpEQTJNMU5TVVhoMWFVbG9aRlY1V21Rd1IyWUtkRmx1VjA1c1JEQXdZM1J0U2tSYWFWRlFLMVFyZUZKWmVFdHVVVzkzVjFkM1VGcFNjVWgzTkZKRmVEaG5ZbkZpSzFOSFEyZHpiMWh6UTJ4WFUzaDRaQXBPVFZsVFkzWTJXRlIwV25vdk5UaFFjREY1SzFSeWFYcHlRblZwVFVWM1QwRm9hSGhQV1hwUGNsRnRaREZSWmtSV1FXOHdkbFJNYWxkWFoybGtXamRTQ2xoU1JGaHNhMWh3Yml0MlV6RnVORVIyZUhKRk5WbHBaM2h0TUdoRVMyOXFaVFZuYVcxaGRuQTNSMmsxV214NWIweHZaR1pMTW1GRVVsWlBjMDUxTW5vS05tWk9WelJRWlM4cllYVmxZVzloSzBkWU9GcDRUbll5WkZnNGVHeG9ZM3BIZFZCSlFYaFRkVEJYYWtsbUszWkpOREJ4YTI4MFpIWmFSVFV2ZDIxMGRRb3dTV2xQT0hKWmRYQnNZMVJ1Y2xSclQzSkZRMEYzUlVGQllVNURUVVZCZDBSbldVUldVakJRUVZGSUwwSkJVVVJCWjB0clRVRTRSMEV4VldSRmQwVkNDaTkzVVVaTlFVMUNRV1k0ZDBoUldVUldVakJQUWtKWlJVWklNbkpFZG5OQk1UVm5aRGRyUmt4U1VEbDZVR0ZoTURSVmVGbE5RVEJIUTFOeFIxTkpZak1LUkZGRlFrTjNWVUZCTkVsQ1FWRkRWbFFyZUcwdmFrTnZPWHBFVHpWNmIzTXdRbUp6TldkdVExRnRWRTV3ZFRRMFJtRmpUMjF4TmxSNmVuSXJhbHBFUndwRk1IZHFUbFI2UlUxUFptMVdNMGhsVlRWS1ptWnVLM2Q0ZFhvNFNqSllUMjlXVDBwMVIwUTVTVmR3VnpWSU0ySkhURVpFZVVkWlZuZ3lMMUY1WWxsWkNuZEhVVWhPUVVGemIxRkZZVkJLSzBoUGJFRTFaVUZpSzIxdU4wWmtZbVZpZGtZelNuTllXV1ZDVVN0UmFEQXZNM0JYYjNSQmRVOVVSVzlDUW1wRmFWWUtVa05YZUdWNVpWVldWWFoyZG5FeVRTdGxNbVFyVFhKcEsxVlphV1JhWkZWdFduZHpZWE53ZWxCak5tRk1WMk5UVDFweldVaDZTMFZYYjNWcUwyaHdOZ3BLUzI5V2QwcDFNMU1yU0VSNWRWTnRNbTV3VGtORmR6VTNWRU5vTW1WMGVHVm9ZazlsTHpSM1dXNWpXbEUyTW5welNrZEhWbnBEU2xoTlFrVlpOMUl4Q2s4elEzbzBXbGxZYlU1d1RIaDNLMVZGTVZKV1FrcE5WemRpWVROcU1XeHZSR3hsTVFvdExTMHRMVVZPUkNCRFJWSlVTVVpKUTBGVVJTMHRMUzB0Q2c9PScgLS1hcGlzZXJ2ZXItZW5kcG9pbnQgJ2h0dHBzOi8vRTRDQzhDNjIxRThEQUIzODAxOUNCNUJBRkVCRjAwNjUuc2sxLmFwLWVhc3QtMS5la3MuYW1hem9uYXdzLmNvbScgIC0ta3ViZWxldC1leHRyYS1hcmdzICIiICdlZHVjYXRpb24tZWtzLUVqTHV0ZjltJwoKIyBBbGxvdyB1c2VyIHN1cHBsaWVkIHVzZXJkYXRhIGNvZGUKZWNobyBmb28gYmFyCg==",
            "vpc_classic_link_id": "",
            "vpc_classic_link_security_groups": null
          },
          "sensitive_attributes": [],
          "private": "bnVsbA==",
          "dependencies": [
            "aws_security_group.worker_group_mgmt_one",
            "aws_security_group.worker_group_mgmt_two",
            "module.eks.aws_cloudwatch_log_group.this",
            "module.eks.aws_eks_cluster.this",
            "module.eks.aws_iam_instance_profile.workers",
            "module.eks.aws_iam_role.cluster",
            "module.eks.aws_iam_role.workers",
            "module.eks.aws_iam_role_policy_attachment.cluster_AmazonEKSClusterPolicy",
            "module.eks.aws_iam_role_policy_attachment.cluster_AmazonEKSServicePolicy",
            "module.eks.aws_iam_role_policy_attachment.cluster_AmazonEKSVPCResourceControllerPolicy",
            "module.eks.aws_iam_role_policy_attachment.workers_AmazonEC2ContainerRegistryReadOnly",
            "module.eks.aws_iam_role_policy_attachment.workers_AmazonEKSWorkerNodePolicy",
            "module.eks.aws_iam_role_policy_attachment.workers_AmazonEKS_CNI_Policy",
            "module.eks.aws_iam_role_policy_attachment.workers_additional_policies",
            "module.eks.aws_security_group.cluster",
            "module.eks.aws_security_group.workers",
            "module.eks.aws_security_group_rule.cluster_egress_internet",
            "module.eks.aws_security_group_rule.cluster_https_worker_ingress",
            "module.eks.aws_security_group_rule.cluster_primary_ingress_workers",
            "module.eks.aws_security_group_rule.workers_egress_internet",
            "module.eks.aws_security_group_rule.workers_ingress_cluster",
            "module.eks.aws_security_group_rule.workers_ingress_cluster_https",
            "module.eks.aws_security_group_rule.workers_ingress_cluster_kubelet",
            "module.eks.aws_security_group_rule.workers_ingress_cluster_primary",
            "module.eks.aws_security_group_rule.workers_ingress_self",
            "module.eks.data.aws_ami.eks_worker",
            "module.eks.data.aws_ami.eks_worker_windows",
            "module.eks.data.aws_iam_instance_profile.custom_worker_group_iam_instance_profile",
            "module.eks.data.aws_iam_policy_document.workers_assume_role_policy",
            "module.eks.data.aws_iam_role.custom_cluster_iam_role",
            "module.eks.data.aws_partition.current",
            "module.vpc.aws_subnet.private",
            "module.vpc.aws_vpc.this",
            "random_string.suffix"
          ],
          "create_before_destroy": true
        },
        {
          "index_key": 1,
          "schema_version": 0,
          "attributes": {
            "arn": "arn:aws:autoscaling:ap-east-1:779255550655:launchConfiguration:ee487503-735a-4ff3-89ef-8d0754bfb0d9:launchConfigurationName/education-eks-EjLutf9m-worker-group-22022041913554512920000000d",
            "associate_public_ip_address": false,
            "ebs_block_device": [],
            "ebs_optimized": true,
            "enable_monitoring": true,
            "ephemeral_block_device": [],
            "iam_instance_profile": "education-eks-EjLutf9m20220419135544874500000008",
            "id": "education-eks-EjLutf9m-worker-group-22022041913554512920000000d",
            "image_id": "ami-00c458e350b652bd9",
            "instance_type": "t3.micro",
            "key_name": "",
            "metadata_options": [
              {
                "http_endpoint": "enabled",
                "http_put_response_hop_limit": 1,
                "http_tokens": "optional"
              }
            ],
            "name": "education-eks-EjLutf9m-worker-group-22022041913554512920000000d",
            "name_prefix": "education-eks-EjLutf9m-worker-group-2",
            "placement_tenancy": "",
            "root_block_device": [
              {
                "delete_on_termination": true,
                "encrypted": false,
                "iops": 0,
                "throughput": 0,
                "volume_size": 100,
                "volume_type": "gp2"
              }
            ],
            "security_groups": [
              "sg-09f86643c00ac3fac",
              "sg-0f44a201a6b068d31"
            ],
            "spot_price": "",
            "user_data": null,
            "user_data_base64": "IyEvYmluL2Jhc2ggLWUKCiMgQWxsb3cgdXNlciBzdXBwbGllZCBwcmUgdXNlcmRhdGEgY29kZQoKCiMgQm9vdHN0cmFwIGFuZCBqb2luIHRoZSBjbHVzdGVyCi9ldGMvZWtzL2Jvb3RzdHJhcC5zaCAtLWI2NC1jbHVzdGVyLWNhICdMUzB0TFMxQ1JVZEpUaUJEUlZKVVNVWkpRMEZVUlMwdExTMHRDazFKU1VNMWVrTkRRV01yWjBGM1NVSkJaMGxDUVVSQlRrSm5hM0ZvYTJsSE9YY3dRa0ZSYzBaQlJFRldUVkpOZDBWUldVUldVVkZFUlhkd2NtUlhTbXdLWTIwMWJHUkhWbnBOUWpSWVJGUkplVTFFVVhoUFZFVjZUbFJKZVUweGIxaEVWRTE1VFVSUmVFNXFSWHBPVkVsNVRURnZkMFpVUlZSTlFrVkhRVEZWUlFwQmVFMUxZVE5XYVZwWVNuVmFXRkpzWTNwRFEwRlRTWGRFVVZsS1MyOWFTV2gyWTA1QlVVVkNRbEZCUkdkblJWQkJSRU5EUVZGdlEyZG5SVUpCVGxOWUNscHBOR3R0TmpnclJEWXdRbVVyZDJoV1REaG1WRGxzZG5obVVuRmFSbmwyVTB4RmEwbE1OVnB2Y0dwTFpEQTJNMU5TVVhoMWFVbG9aRlY1V21Rd1IyWUtkRmx1VjA1c1JEQXdZM1J0U2tSYWFWRlFLMVFyZUZKWmVFdHVVVzkzVjFkM1VGcFNjVWgzTkZKRmVEaG5ZbkZpSzFOSFEyZHpiMWh6UTJ4WFUzaDRaQXBPVFZsVFkzWTJXRlIwV25vdk5UaFFjREY1SzFSeWFYcHlRblZwVFVWM1QwRm9hSGhQV1hwUGNsRnRaREZSWmtSV1FXOHdkbFJNYWxkWFoybGtXamRTQ2xoU1JGaHNhMWh3Yml0MlV6RnVORVIyZUhKRk5WbHBaM2h0TUdoRVMyOXFaVFZuYVcxaGRuQTNSMmsxV214NWIweHZaR1pMTW1GRVVsWlBjMDUxTW5vS05tWk9WelJRWlM4cllYVmxZVzloSzBkWU9GcDRUbll5WkZnNGVHeG9ZM3BIZFZCSlFYaFRkVEJYYWtsbUszWkpOREJ4YTI4MFpIWmFSVFV2ZDIxMGRRb3dTV2xQT0hKWmRYQnNZMVJ1Y2xSclQzSkZRMEYzUlVGQllVNURUVVZCZDBSbldVUldVakJRUVZGSUwwSkJVVVJCWjB0clRVRTRSMEV4VldSRmQwVkNDaTkzVVVaTlFVMUNRV1k0ZDBoUldVUldVakJQUWtKWlJVWklNbkpFZG5OQk1UVm5aRGRyUmt4U1VEbDZVR0ZoTURSVmVGbE5RVEJIUTFOeFIxTkpZak1LUkZGRlFrTjNWVUZCTkVsQ1FWRkRWbFFyZUcwdmFrTnZPWHBFVHpWNmIzTXdRbUp6TldkdVExRnRWRTV3ZFRRMFJtRmpUMjF4TmxSNmVuSXJhbHBFUndwRk1IZHFUbFI2UlUxUFptMVdNMGhsVlRWS1ptWnVLM2Q0ZFhvNFNqSllUMjlXVDBwMVIwUTVTVmR3VnpWSU0ySkhURVpFZVVkWlZuZ3lMMUY1WWxsWkNuZEhVVWhPUVVGemIxRkZZVkJLSzBoUGJFRTFaVUZpSzIxdU4wWmtZbVZpZGtZelNuTllXV1ZDVVN0UmFEQXZNM0JYYjNSQmRVOVVSVzlDUW1wRmFWWUtVa05YZUdWNVpWVldWWFoyZG5FeVRTdGxNbVFyVFhKcEsxVlphV1JhWkZWdFduZHpZWE53ZWxCak5tRk1WMk5UVDFweldVaDZTMFZYYjNWcUwyaHdOZ3BLUzI5V2QwcDFNMU1yU0VSNWRWTnRNbTV3VGtORmR6VTNWRU5vTW1WMGVHVm9ZazlsTHpSM1dXNWpXbEUyTW5welNrZEhWbnBEU2xoTlFrVlpOMUl4Q2s4elEzbzBXbGxZYlU1d1RIaDNLMVZGTVZKV1FrcE5WemRpWVROcU1XeHZSR3hsTVFvdExTMHRMVVZPUkNCRFJWSlVTVVpKUTBGVVJTMHRMUzB0Q2c9PScgLS1hcGlzZXJ2ZXItZW5kcG9pbnQgJ2h0dHBzOi8vRTRDQzhDNjIxRThEQUIzODAxOUNCNUJBRkVCRjAwNjUuc2sxLmFwLWVhc3QtMS5la3MuYW1hem9uYXdzLmNvbScgIC0ta3ViZWxldC1leHRyYS1hcmdzICIiICdlZHVjYXRpb24tZWtzLUVqTHV0ZjltJwoKIyBBbGxvdyB1c2VyIHN1cHBsaWVkIHVzZXJkYXRhIGNvZGUKZWNobyBmb28gYmFyCg==",
            "vpc_classic_link_id": "",
            "vpc_classic_link_security_groups": null
          },
          "sensitive_attributes": [],
          "private": "bnVsbA==",
          "dependencies": [
            "aws_security_group.worker_group_mgmt_one",
            "aws_security_group.worker_group_mgmt_two",
            "module.eks.aws_cloudwatch_log_group.this",
            "module.eks.aws_eks_cluster.this",
            "module.eks.aws_iam_instance_profile.workers",
            "module.eks.aws_iam_role.cluster",
            "module.eks.aws_iam_role.workers",
            "module.eks.aws_iam_role_policy_attachment.cluster_AmazonEKSClusterPolicy",
            "module.eks.aws_iam_role_policy_attachment.cluster_AmazonEKSServicePolicy",
            "module.eks.aws_iam_role_policy_attachment.cluster_AmazonEKSVPCResourceControllerPolicy",
            "module.eks.aws_iam_role_policy_attachment.workers_AmazonEC2ContainerRegistryReadOnly",
            "module.eks.aws_iam_role_policy_attachment.workers_AmazonEKSWorkerNodePolicy",
            "module.eks.aws_iam_role_policy_attachment.workers_AmazonEKS_CNI_Policy",
            "module.eks.aws_iam_role_policy_attachment.workers_additional_policies",
            "module.eks.aws_security_group.cluster",
            "module.eks.aws_security_group.workers",
            "module.eks.aws_security_group_rule.cluster_egress_internet",
            "module.eks.aws_security_group_rule.cluster_https_worker_ingress",
            "module.eks.aws_security_group_rule.cluster_primary_ingress_workers",
            "module.eks.aws_security_group_rule.workers_egress_internet",
            "module.eks.aws_security_group_rule.workers_ingress_cluster",
            "module.eks.aws_security_group_rule.workers_ingress_cluster_https",
            "module.eks.aws_security_group_rule.workers_ingress_cluster_kubelet",
            "module.eks.aws_security_group_rule.workers_ingress_cluster_primary",
            "module.eks.aws_security_group_rule.workers_ingress_self",
            "module.eks.data.aws_ami.eks_worker",
            "module.eks.data.aws_ami.eks_worker_windows",
            "module.eks.data.aws_iam_instance_profile.custom_worker_group_iam_instance_profile",
            "module.eks.data.aws_iam_policy_document.workers_assume_role_policy",
            "module.eks.data.aws_iam_role.custom_cluster_iam_role",
            "module.eks.data.aws_partition.current",
            "module.vpc.aws_subnet.private",
            "module.vpc.aws_vpc.this",
            "random_string.suffix"
          ],
          "create_before_destroy": true
        }
      ]
    },
    {
      "module": "module.eks",
      "mode": "managed",
      "type": "aws_security_group",
      "name": "cluster",
      "provider": "provider[\"registry.terraform.io/hashicorp/aws\"]",
      "instances": [
        {
          "index_key": 0,
          "schema_version": 1,
          "attributes": {
            "arn": "arn:aws:ec2:ap-east-1:779255550655:security-group/sg-0bc3d99adba536ca5",
            "description": "EKS cluster security group.",
            "egress": [],
            "id": "sg-0bc3d99adba536ca5",
            "ingress": [],
            "name": "education-eks-EjLutf9m20220419134707208000000005",
            "name_prefix": "education-eks-EjLutf9m",
            "owner_id": "779255550655",
            "revoke_rules_on_delete": false,
            "tags": {
              "Name": "education-eks-EjLutf9m-eks_cluster_sg"
            },
            "tags_all": {
              "Name": "education-eks-EjLutf9m-eks_cluster_sg"
            },
            "timeouts": null,
            "vpc_id": "vpc-0b6c678f0b39114ad"
          },
          "sensitive_attributes": [],
          "private": "eyJlMmJmYjczMC1lY2FhLTExZTYtOGY4OC0zNDM2M2JjN2M0YzAiOnsiY3JlYXRlIjo2MDAwMDAwMDAwMDAsImRlbGV0ZSI6OTAwMDAwMDAwMDAwfSwic2NoZW1hX3ZlcnNpb24iOiIxIn0=",
          "dependencies": [
            "module.vpc.aws_vpc.this",
            "random_string.suffix"
          ],
          "create_before_destroy": true
        }
      ]
    },
    {
      "module": "module.eks",
      "mode": "managed",
      "type": "aws_security_group",
      "name": "workers",
      "provider": "provider[\"registry.terraform.io/hashicorp/aws\"]",
      "instances": [
        {
          "index_key": 0,
          "schema_version": 1,
          "attributes": {
            "arn": "arn:aws:ec2:ap-east-1:779255550655:security-group/sg-0f44a201a6b068d31",
            "description": "Security group for all nodes in the cluster.",
            "egress": [],
            "id": "sg-0f44a201a6b068d31",
            "ingress": [],
            "name": "education-eks-EjLutf9m20220419134707207300000004",
            "name_prefix": "education-eks-EjLutf9m",
            "owner_id": "779255550655",
            "revoke_rules_on_delete": false,
            "tags": {
              "Name": "education-eks-EjLutf9m-eks_worker_sg",
              "kubernetes.io/cluster/education-eks-EjLutf9m": "owned"
            },
            "tags_all": {
              "Name": "education-eks-EjLutf9m-eks_worker_sg",
              "kubernetes.io/cluster/education-eks-EjLutf9m": "owned"
            },
            "timeouts": null,
            "vpc_id": "vpc-0b6c678f0b39114ad"
          },
          "sensitive_attributes": [],
          "private": "eyJlMmJmYjczMC1lY2FhLTExZTYtOGY4OC0zNDM2M2JjN2M0YzAiOnsiY3JlYXRlIjo2MDAwMDAwMDAwMDAsImRlbGV0ZSI6OTAwMDAwMDAwMDAwfSwic2NoZW1hX3ZlcnNpb24iOiIxIn0=",
          "dependencies": [
            "module.vpc.aws_vpc.this",
            "random_string.suffix"
          ],
          "create_before_destroy": true
        }
      ]
    },
    {
      "module": "module.eks",
      "mode": "managed",
      "type": "aws_security_group_rule",
      "name": "cluster_egress_internet",
      "provider": "provider[\"registry.terraform.io/hashicorp/aws\"]",
      "instances": [
        {
          "index_key": 0,
          "schema_version": 2,
          "attributes": {
            "cidr_blocks": [
              "0.0.0.0/0"
            ],
            "description": "Allow cluster egress access to the Internet.",
            "from_port": 0,
            "id": "sgrule-2815886326",
            "ipv6_cidr_blocks": null,
            "prefix_list_ids": null,
            "protocol": "-1",
            "security_group_id": "sg-0bc3d99adba536ca5",
            "self": false,
            "source_security_group_id": null,
            "to_port": 0,
            "type": "egress"
          },
          "sensitive_attributes": [],
          "private": "eyJzY2hlbWFfdmVyc2lvbiI6IjIifQ==",
          "dependencies": [
            "module.eks.aws_security_group.cluster",
            "module.vpc.aws_vpc.this",
            "random_string.suffix"
          ],
          "create_before_destroy": true
        }
      ]
    },
    {
      "module": "module.eks",
      "mode": "managed",
      "type": "aws_security_group_rule",
      "name": "cluster_https_worker_ingress",
      "provider": "provider[\"registry.terraform.io/hashicorp/aws\"]",
      "instances": [
        {
          "index_key": 0,
          "schema_version": 2,
          "attributes": {
            "cidr_blocks": null,
            "description": "Allow pods to communicate with the EKS cluster API.",
            "from_port": 443,
            "id": "sgrule-2869169503",
            "ipv6_cidr_blocks": null,
            "prefix_list_ids": null,
            "protocol": "tcp",
            "security_group_id": "sg-0bc3d99adba536ca5",
            "self": false,
            "source_security_group_id": "sg-0f44a201a6b068d31",
            "to_port": 443,
            "type": "ingress"
          },
          "sensitive_attributes": [],
          "private": "eyJzY2hlbWFfdmVyc2lvbiI6IjIifQ==",
          "dependencies": [
            "module.eks.aws_security_group.cluster",
            "module.eks.aws_security_group.workers",
            "module.vpc.aws_vpc.this",
            "random_string.suffix"
          ],
          "create_before_destroy": true
        }
      ]
    },
    {
      "module": "module.eks",
      "mode": "managed",
      "type": "aws_security_group_rule",
      "name": "workers_egress_internet",
      "provider": "provider[\"registry.terraform.io/hashicorp/aws\"]",
      "instances": [
        {
          "index_key": 0,
          "schema_version": 2,
          "attributes": {
            "cidr_blocks": [
              "0.0.0.0/0"
            ],
            "description": "Allow nodes all egress to the Internet.",
            "from_port": 0,
            "id": "sgrule-1596175241",
            "ipv6_cidr_blocks": null,
            "prefix_list_ids": null,
            "protocol": "-1",
            "security_group_id": "sg-0f44a201a6b068d31",
            "self": false,
            "source_security_group_id": null,
            "to_port": 0,
            "type": "egress"
          },
          "sensitive_attributes": [],
          "private": "eyJzY2hlbWFfdmVyc2lvbiI6IjIifQ==",
          "dependencies": [
            "module.eks.aws_security_group.workers",
            "module.vpc.aws_vpc.this",
            "random_string.suffix"
          ],
          "create_before_destroy": true
        }
      ]
    },
    {
      "module": "module.eks",
      "mode": "managed",
      "type": "aws_security_group_rule",
      "name": "workers_ingress_cluster",
      "provider": "provider[\"registry.terraform.io/hashicorp/aws\"]",
      "instances": [
        {
          "index_key": 0,
          "schema_version": 2,
          "attributes": {
            "cidr_blocks": null,
            "description": "Allow workers pods to receive communication from the cluster control plane.",
            "from_port": 1025,
            "id": "sgrule-3178626580",
            "ipv6_cidr_blocks": null,
            "prefix_list_ids": null,
            "protocol": "tcp",
            "security_group_id": "sg-0f44a201a6b068d31",
            "self": false,
            "source_security_group_id": "sg-0bc3d99adba536ca5",
            "to_port": 65535,
            "type": "ingress"
          },
          "sensitive_attributes": [],
          "private": "eyJzY2hlbWFfdmVyc2lvbiI6IjIifQ==",
          "dependencies": [
            "module.eks.aws_security_group.cluster",
            "module.eks.aws_security_group.workers",
            "module.vpc.aws_vpc.this",
            "random_string.suffix"
          ],
          "create_before_destroy": true
        }
      ]
    },
    {
      "module": "module.eks",
      "mode": "managed",
      "type": "aws_security_group_rule",
      "name": "workers_ingress_cluster_https",
      "provider": "provider[\"registry.terraform.io/hashicorp/aws\"]",
      "instances": [
        {
          "index_key": 0,
          "schema_version": 2,
          "attributes": {
            "cidr_blocks": null,
            "description": "Allow pods running extension API servers on port 443 to receive communication from cluster control plane.",
            "from_port": 443,
            "id": "sgrule-618196915",
            "ipv6_cidr_blocks": null,
            "prefix_list_ids": null,
            "protocol": "tcp",
            "security_group_id": "sg-0f44a201a6b068d31",
            "self": false,
            "source_security_group_id": "sg-0bc3d99adba536ca5",
            "to_port": 443,
            "type": "ingress"
          },
          "sensitive_attributes": [],
          "private": "eyJzY2hlbWFfdmVyc2lvbiI6IjIifQ==",
          "dependencies": [
            "module.eks.aws_security_group.cluster",
            "module.eks.aws_security_group.workers",
            "module.vpc.aws_vpc.this",
            "random_string.suffix"
          ],
          "create_before_destroy": true
        }
      ]
    },
    {
      "module": "module.eks",
      "mode": "managed",
      "type": "aws_security_group_rule",
      "name": "workers_ingress_self",
      "provider": "provider[\"registry.terraform.io/hashicorp/aws\"]",
      "instances": [
        {
          "index_key": 0,
          "schema_version": 2,
          "attributes": {
            "cidr_blocks": null,
            "description": "Allow node to communicate with each other.",
            "from_port": 0,
            "id": "sgrule-929248759",
            "ipv6_cidr_blocks": null,
            "prefix_list_ids": null,
            "protocol": "-1",
            "security_group_id": "sg-0f44a201a6b068d31",
            "self": false,
            "source_security_group_id": "sg-0f44a201a6b068d31",
            "to_port": 65535,
            "type": "ingress"
          },
          "sensitive_attributes": [],
          "private": "eyJzY2hlbWFfdmVyc2lvbiI6IjIifQ==",
          "dependencies": [
            "module.eks.aws_security_group.workers",
            "module.vpc.aws_vpc.this",
            "random_string.suffix"
          ],
          "create_before_destroy": true
        }
      ]
    },
    {
      "module": "module.eks",
      "mode": "managed",
      "type": "kubernetes_config_map",
      "name": "aws_auth",
      "provider": "provider[\"registry.terraform.io/hashicorp/kubernetes\"]",
      "instances": [
        {
          "index_key": 0,
          "schema_version": 0,
          "attributes": {
            "binary_data": null,
            "data": {
              "mapAccounts": "[]\n",
              "mapRoles": "- \"groups\":\n  - \"system:bootstrappers\"\n  - \"system:nodes\"\n  \"rolearn\": \"arn:aws:iam::779255550655:role/education-eks-EjLutf9m20220419135544603000000006\"\n  \"username\": \"system:node:{{EC2PrivateDNSName}}\"\n",
              "mapUsers": "[]\n"
            },
            "id": "kube-system/aws-auth",
            "metadata": [
              {
                "annotations": null,
                "generate_name": "",
                "generation": 0,
                "labels": {
                  "app.kubernetes.io/managed-by": "Terraform",
                  "terraform.io/module": "terraform-aws-modules.eks.aws"
                },
                "name": "aws-auth",
                "namespace": "kube-system",
                "resource_version": "707",
                "uid": "0ec020b7-5b04-4a1c-945d-6c8c891d9016"
              }
            ]
          },
          "sensitive_attributes": [],
          "private": "bnVsbA==",
          "dependencies": [
            "aws_security_group.worker_group_mgmt_one",
            "aws_security_group.worker_group_mgmt_two",
            "data.aws_eks_cluster.cluster",
            "data.aws_eks_cluster_auth.cluster",
            "module.eks.aws_cloudwatch_log_group.this",
            "module.eks.aws_eks_cluster.this",
            "module.eks.aws_iam_instance_profile.workers",
            "module.eks.aws_iam_instance_profile.workers_launch_template",
            "module.eks.aws_iam_role.cluster",
            "module.eks.aws_iam_role.workers",
            "module.eks.aws_iam_role_policy_attachment.cluster_AmazonEKSClusterPolicy",
            "module.eks.aws_iam_role_policy_attachment.cluster_AmazonEKSServicePolicy",
            "module.eks.aws_iam_role_policy_attachment.cluster_AmazonEKSVPCResourceControllerPolicy",
            "module.eks.aws_iam_role_policy_attachment.workers_AmazonEC2ContainerRegistryReadOnly",
            "module.eks.aws_iam_role_policy_attachment.workers_AmazonEKSWorkerNodePolicy",
            "module.eks.aws_iam_role_policy_attachment.workers_AmazonEKS_CNI_Policy",
            "module.eks.aws_security_group.cluster",
            "module.eks.aws_security_group.workers",
            "module.eks.aws_security_group_rule.cluster_egress_internet",
            "module.eks.aws_security_group_rule.cluster_https_worker_ingress",
            "module.eks.aws_security_group_rule.cluster_private_access_cidrs_source",
            "module.eks.aws_security_group_rule.cluster_private_access_sg_source",
            "module.eks.data.aws_ami.eks_worker",
            "module.eks.data.aws_ami.eks_worker_windows",
            "module.eks.data.aws_caller_identity.current",
            "module.eks.data.aws_iam_instance_profile.custom_worker_group_iam_instance_profile",
            "module.eks.data.aws_iam_instance_profile.custom_worker_group_launch_template_iam_instance_profile",
            "module.eks.data.aws_iam_policy_document.workers_assume_role_policy",
            "module.eks.data.aws_iam_role.custom_cluster_iam_role",
            "module.eks.data.aws_partition.current",
            "module.eks.data.http.wait_for_cluster",
            "module.eks.module.fargate.aws_iam_role.eks_fargate_pod",
            "module.eks.module.fargate.data.aws_iam_role.custom_fargate_iam_role",
            "module.vpc.aws_subnet.private",
            "module.vpc.aws_vpc.this",
            "random_string.suffix"
          ]
        }
      ]
    },
    {
      "module": "module.eks",
      "mode": "managed",
      "type": "local_file",
      "name": "kubeconfig",
      "provider": "provider[\"registry.terraform.io/hashicorp/local\"]",
      "instances": [
        {
          "index_key": 0,
          "schema_version": 0,
          "attributes": {
            "content": "apiVersion: v1\npreferences: {}\nkind: Config\n\nclusters:\n- cluster:\n    server: https://E4CC8C621E8DAB38019CB5BAFEBF0065.sk1.ap-east-1.eks.amazonaws.com\n    certificate-authority-data: LS0tLS1CRUdJTiBDRVJUSUZJQ0FURS0tLS0tCk1JSUM1ekNDQWMrZ0F3SUJBZ0lCQURBTkJna3Foa2lHOXcwQkFRc0ZBREFWTVJNd0VRWURWUVFERXdwcmRXSmwKY201bGRHVnpNQjRYRFRJeU1EUXhPVEV6TlRJeU0xb1hEVE15TURReE5qRXpOVEl5TTFvd0ZURVRNQkVHQTFVRQpBeE1LYTNWaVpYSnVaWFJsY3pDQ0FTSXdEUVlKS29aSWh2Y05BUUVCQlFBRGdnRVBBRENDQVFvQ2dnRUJBTlNYClppNGttNjgrRDYwQmUrd2hWTDhmVDlsdnhmUnFaRnl2U0xFa0lMNVpvcGpLZDA2M1NSUXh1aUloZFV5WmQwR2YKdFluV05sRDAwY3RtSkRaaVFQK1QreFJZeEtuUW93V1d3UFpScUh3NFJFeDhnYnFiK1NHQ2dzb1hzQ2xXU3h4ZApOTVlTY3Y2WFR0WnovNThQcDF5K1RyaXpyQnVpTUV3T0FoaHhPWXpPclFtZDFRZkRWQW8wdlRMaldXZ2lkWjdSClhSRFhsa1hwbit2UzFuNER2eHJFNVlpZ3htMGhES29qZTVnaW1hdnA3R2k1Wmx5b0xvZGZLMmFEUlZPc051MnoKNmZOVzRQZS8rYXVlYW9hK0dYOFp4TnYyZFg4eGxoY3pHdVBJQXhTdTBXaklmK3ZJNDBxa280ZHZaRTUvd210dQowSWlPOHJZdXBsY1RuclRrT3JFQ0F3RUFBYU5DTUVBd0RnWURWUjBQQVFIL0JBUURBZ0trTUE4R0ExVWRFd0VCCi93UUZNQU1CQWY4d0hRWURWUjBPQkJZRUZIMnJEdnNBMTVnZDdrRkxSUDl6UGFhMDRVeFlNQTBHQ1NxR1NJYjMKRFFFQkN3VUFBNElCQVFDVlQreG0vakNvOXpETzV6b3MwQmJzNWduQ1FtVE5wdTQ0RmFjT21xNlR6enIralpERwpFMHdqTlR6RU1PZm1WM0hlVTVKZmZuK3d4dXo4SjJYT29WT0p1R0Q5SVdwVzVIM2JHTEZEeUdZVngyL1F5YllZCndHUUhOQUFzb1FFYVBKK0hPbEE1ZUFiK21uN0ZkYmVidkYzSnNYWWVCUStRaDAvM3BXb3RBdU9URW9CQmpFaVYKUkNXeGV5ZVVWVXZ2dnEyTStlMmQrTXJpK1VZaWRaZFVtWndzYXNwelBjNmFMV2NTT1pzWUh6S0VXb3VqL2hwNgpKS29Wd0p1M1MrSER5dVNtMm5wTkNFdzU3VENoMmV0eGVoYk9lLzR3WW5jWlE2MnpzSkdHVnpDSlhNQkVZN1IxCk8zQ3o0WllYbU5wTHh3K1VFMVJWQkpNVzdiYTNqMWxvRGxlMQotLS0tLUVORCBDRVJUSUZJQ0FURS0tLS0tCg==\n  name: eks_education-eks-EjLutf9m\n\ncontexts:\n- context:\n    cluster: eks_education-eks-EjLutf9m\n    user: eks_education-eks-EjLutf9m\n  name: eks_education-eks-EjLutf9m\n\ncurrent-context: eks_education-eks-EjLutf9m\n\nusers:\n- name: eks_education-eks-EjLutf9m\n  user:\n    exec:\n      apiVersion: client.authentication.k8s.io/v1alpha1\n      command: aws-iam-authenticator\n      args:\n        - \"token\"\n        - \"-i\"\n        - \"education-eks-EjLutf9m\"\n",
            "content_base64": null,
            "directory_permission": "0755",
            "file_permission": "0600",
            "filename": "./kubeconfig_education-eks-EjLutf9m",
            "id": "f6b21658e708426901627aa7c252637e96c4b74f",
            "sensitive_content": null,
            "source": null
          },
          "sensitive_attributes": [],
          "private": "bnVsbA==",
          "dependencies": [
            "module.eks.aws_cloudwatch_log_group.this",
            "module.eks.aws_eks_cluster.this",
            "module.eks.aws_iam_role.cluster",
            "module.eks.aws_iam_role_policy_attachment.cluster_AmazonEKSClusterPolicy",
            "module.eks.aws_iam_role_policy_attachment.cluster_AmazonEKSServicePolicy",
            "module.eks.aws_iam_role_policy_attachment.cluster_AmazonEKSVPCResourceControllerPolicy",
            "module.eks.aws_security_group.cluster",
            "module.eks.aws_security_group.workers",
            "module.eks.aws_security_group_rule.cluster_egress_internet",
            "module.eks.aws_security_group_rule.cluster_https_worker_ingress",
            "module.eks.data.aws_iam_role.custom_cluster_iam_role",
            "module.vpc.aws_subnet.private",
            "module.vpc.aws_vpc.this",
            "random_string.suffix"
          ]
        }
      ]
    },
    {
      "module": "module.eks.module.fargate",
      "mode": "data",
      "type": "aws_partition",
      "name": "current",
      "provider": "provider[\"registry.terraform.io/hashicorp/aws\"]",
      "instances": [
        {
          "schema_version": 0,
          "attributes": {
            "dns_suffix": "amazonaws.com",
            "id": "aws",
            "partition": "aws",
            "reverse_dns_prefix": "com.amazonaws"
          },
          "sensitive_attributes": []
        }
      ]
    },
    {
      "module": "module.vpc",
      "mode": "managed",
      "type": "aws_eip",
      "name": "nat",
      "provider": "provider[\"registry.terraform.io/hashicorp/aws\"]",
      "instances": [
        {
          "index_key": 0,
          "schema_version": 0,
          "attributes": {
            "address": null,
            "allocation_id": "eipalloc-05069376dc98e7717",
            "associate_with_private_ip": null,
            "association_id": "eipassoc-052a57ee5d92d8970",
            "carrier_ip": "",
            "customer_owned_ip": "",
            "customer_owned_ipv4_pool": "",
            "domain": "vpc",
            "id": "eipalloc-05069376dc98e7717",
            "instance": "",
            "network_border_group": "ap-east-1",
            "network_interface": "eni-067bec3a861c67c0a",
            "private_dns": "ip-10-0-4-127.ap-east-1.compute.internal",
            "private_ip": "10.0.4.127",
            "public_dns": "ec2-16-163-246-242.ap-east-1.compute.amazonaws.com",
            "public_ip": "16.163.246.242",
            "public_ipv4_pool": "amazon",
            "tags": {
              "Name": "education-eks-ap-east-1a",
              "kubernetes.io/cluster/education-eks-EjLutf9m": "shared"
            },
            "tags_all": {
              "Name": "education-eks-ap-east-1a",
              "kubernetes.io/cluster/education-eks-EjLutf9m": "shared"
            },
            "timeouts": null,
            "vpc": true
          },
          "sensitive_attributes": [],
          "private": "eyJlMmJmYjczMC1lY2FhLTExZTYtOGY4OC0zNDM2M2JjN2M0YzAiOnsiZGVsZXRlIjoxODAwMDAwMDAwMDAsInJlYWQiOjkwMDAwMDAwMDAwMCwidXBkYXRlIjozMDAwMDAwMDAwMDB9fQ==",
          "dependencies": [
            "data.aws_availability_zones.available",
            "random_string.suffix"
          ]
        }
      ]
    },
    {
      "module": "module.vpc",
      "mode": "managed",
      "type": "aws_internet_gateway",
      "name": "this",
      "provider": "provider[\"registry.terraform.io/hashicorp/aws\"]",
      "instances": [
        {
          "index_key": 0,
          "schema_version": 0,
          "attributes": {
            "arn": "arn:aws:ec2:ap-east-1:779255550655:internet-gateway/igw-09364625634e621b7",
            "id": "igw-09364625634e621b7",
            "owner_id": "779255550655",
            "tags": {
              "Name": "education-eks",
              "kubernetes.io/cluster/education-eks-EjLutf9m": "shared"
            },
            "tags_all": {
              "Name": "education-eks",
              "kubernetes.io/cluster/education-eks-EjLutf9m": "shared"
            },
            "vpc_id": "vpc-0b6c678f0b39114ad"
          },
          "sensitive_attributes": [],
          "private": "bnVsbA==",
          "dependencies": [
            "module.vpc.aws_vpc.this",
            "module.vpc.aws_vpc_ipv4_cidr_block_association.this",
            "random_string.suffix"
          ]
        }
      ]
    },
    {
      "module": "module.vpc",
      "mode": "managed",
      "type": "aws_nat_gateway",
      "name": "this",
      "provider": "provider[\"registry.terraform.io/hashicorp/aws\"]",
      "instances": [
        {
          "index_key": 0,
          "schema_version": 0,
          "attributes": {
            "allocation_id": "eipalloc-05069376dc98e7717",
            "connectivity_type": "public",
            "id": "nat-0d78a3326feabd34e",
            "network_interface_id": "eni-067bec3a861c67c0a",
            "private_ip": "10.0.4.127",
            "public_ip": "16.163.246.242",
            "subnet_id": "subnet-064a3e757a149f364",
            "tags": {
              "Name": "education-eks-ap-east-1a",
              "kubernetes.io/cluster/education-eks-EjLutf9m": "shared"
            },
            "tags_all": {
              "Name": "education-eks-ap-east-1a",
              "kubernetes.io/cluster/education-eks-EjLutf9m": "shared"
            }
          },
          "sensitive_attributes": [],
          "private": "bnVsbA==",
          "dependencies": [
            "data.aws_availability_zones.available",
            "module.vpc.aws_eip.nat",
            "module.vpc.aws_internet_gateway.this",
            "module.vpc.aws_subnet.public",
            "module.vpc.aws_vpc.this",
            "module.vpc.aws_vpc_ipv4_cidr_block_association.this",
            "random_string.suffix"
          ]
        }
      ]
    },
    {
      "module": "module.vpc",
      "mode": "managed",
      "type": "aws_route",
      "name": "private_nat_gateway",
      "provider": "provider[\"registry.terraform.io/hashicorp/aws\"]",
      "instances": [
        {
          "index_key": 0,
          "schema_version": 0,
          "attributes": {
            "carrier_gateway_id": "",
            "destination_cidr_block": "0.0.0.0/0",
            "destination_ipv6_cidr_block": "",
            "destination_prefix_list_id": "",
            "egress_only_gateway_id": "",
            "gateway_id": "",
            "id": "r-rtb-08fa9b5217c17ab251080289494",
            "instance_id": "",
            "instance_owner_id": "",
            "local_gateway_id": "",
            "nat_gateway_id": "nat-0d78a3326feabd34e",
            "network_interface_id": "",
            "origin": "CreateRoute",
            "route_table_id": "rtb-08fa9b5217c17ab25",
            "state": "active",
            "timeouts": {
              "create": "5m",
              "delete": null,
              "update": null
            },
            "transit_gateway_id": "",
            "vpc_endpoint_id": "",
            "vpc_peering_connection_id": ""
          },
          "sensitive_attributes": [],
          "private": "eyJlMmJmYjczMC1lY2FhLTExZTYtOGY4OC0zNDM2M2JjN2M0YzAiOnsiY3JlYXRlIjozMDAwMDAwMDAwMDAsImRlbGV0ZSI6MzAwMDAwMDAwMDAwLCJ1cGRhdGUiOjEyMDAwMDAwMDAwMH19",
          "dependencies": [
            "data.aws_availability_zones.available",
            "module.vpc.aws_eip.nat",
            "module.vpc.aws_internet_gateway.this",
            "module.vpc.aws_nat_gateway.this",
            "module.vpc.aws_route_table.private",
            "module.vpc.aws_subnet.public",
            "module.vpc.aws_vpc.this",
            "module.vpc.aws_vpc_ipv4_cidr_block_association.this",
            "random_string.suffix"
          ]
        }
      ]
    },
    {
      "module": "module.vpc",
      "mode": "managed",
      "type": "aws_route",
      "name": "public_internet_gateway",
      "provider": "provider[\"registry.terraform.io/hashicorp/aws\"]",
      "instances": [
        {
          "index_key": 0,
          "schema_version": 0,
          "attributes": {
            "carrier_gateway_id": "",
            "destination_cidr_block": "0.0.0.0/0",
            "destination_ipv6_cidr_block": "",
            "destination_prefix_list_id": "",
            "egress_only_gateway_id": "",
            "gateway_id": "igw-09364625634e621b7",
            "id": "r-rtb-04ab78dabc971eeb11080289494",
            "instance_id": "",
            "instance_owner_id": "",
            "local_gateway_id": "",
            "nat_gateway_id": "",
            "network_interface_id": "",
            "origin": "CreateRoute",
            "route_table_id": "rtb-04ab78dabc971eeb1",
            "state": "active",
            "timeouts": {
              "create": "5m",
              "delete": null,
              "update": null
            },
            "transit_gateway_id": "",
            "vpc_endpoint_id": "",
            "vpc_peering_connection_id": ""
          },
          "sensitive_attributes": [],
          "private": "eyJlMmJmYjczMC1lY2FhLTExZTYtOGY4OC0zNDM2M2JjN2M0YzAiOnsiY3JlYXRlIjozMDAwMDAwMDAwMDAsImRlbGV0ZSI6MzAwMDAwMDAwMDAwLCJ1cGRhdGUiOjEyMDAwMDAwMDAwMH19",
          "dependencies": [
            "module.vpc.aws_internet_gateway.this",
            "module.vpc.aws_route_table.public",
            "module.vpc.aws_vpc.this",
            "module.vpc.aws_vpc_ipv4_cidr_block_association.this",
            "random_string.suffix"
          ]
        }
      ]
    },
    {
      "module": "module.vpc",
      "mode": "managed",
      "type": "aws_route_table",
      "name": "private",
      "provider": "provider[\"registry.terraform.io/hashicorp/aws\"]",
      "instances": [
        {
          "index_key": 0,
          "schema_version": 0,
          "attributes": {
            "arn": "arn:aws:ec2:ap-east-1:779255550655:route-table/rtb-08fa9b5217c17ab25",
            "id": "rtb-08fa9b5217c17ab25",
            "owner_id": "779255550655",
            "propagating_vgws": [],
            "route": [
              {
                "carrier_gateway_id": "",
                "cidr_block": "0.0.0.0/0",
                "destination_prefix_list_id": "",
                "egress_only_gateway_id": "",
                "gateway_id": "",
                "instance_id": "",
                "ipv6_cidr_block": "",
                "local_gateway_id": "",
                "nat_gateway_id": "nat-0d78a3326feabd34e",
                "network_interface_id": "",
                "transit_gateway_id": "",
                "vpc_endpoint_id": "",
                "vpc_peering_connection_id": ""
              }
            ],
            "tags": {
              "Name": "education-eks-private",
              "kubernetes.io/cluster/education-eks-EjLutf9m": "shared"
            },
            "tags_all": {
              "Name": "education-eks-private",
              "kubernetes.io/cluster/education-eks-EjLutf9m": "shared"
            },
            "timeouts": null,
            "vpc_id": "vpc-0b6c678f0b39114ad"
          },
          "sensitive_attributes": [],
          "private": "eyJlMmJmYjczMC1lY2FhLTExZTYtOGY4OC0zNDM2M2JjN2M0YzAiOnsiY3JlYXRlIjoxMjAwMDAwMDAwMDAsImRlbGV0ZSI6MzAwMDAwMDAwMDAwLCJ1cGRhdGUiOjEyMDAwMDAwMDAwMH19",
          "dependencies": [
            "data.aws_availability_zones.available",
            "module.vpc.aws_vpc.this",
            "module.vpc.aws_vpc_ipv4_cidr_block_association.this",
            "random_string.suffix"
          ]
        }
      ]
    },
    {
      "module": "module.vpc",
      "mode": "managed",
      "type": "aws_route_table",
      "name": "public",
      "provider": "provider[\"registry.terraform.io/hashicorp/aws\"]",
      "instances": [
        {
          "index_key": 0,
          "schema_version": 0,
          "attributes": {
            "arn": "arn:aws:ec2:ap-east-1:779255550655:route-table/rtb-04ab78dabc971eeb1",
            "id": "rtb-04ab78dabc971eeb1",
            "owner_id": "779255550655",
            "propagating_vgws": [],
            "route": [
              {
                "carrier_gateway_id": "",
                "cidr_block": "0.0.0.0/0",
                "destination_prefix_list_id": "",
                "egress_only_gateway_id": "",
                "gateway_id": "igw-09364625634e621b7",
                "instance_id": "",
                "ipv6_cidr_block": "",
                "local_gateway_id": "",
                "nat_gateway_id": "",
                "network_interface_id": "",
                "transit_gateway_id": "",
                "vpc_endpoint_id": "",
                "vpc_peering_connection_id": ""
              }
            ],
            "tags": {
              "Name": "education-eks-public",
              "kubernetes.io/cluster/education-eks-EjLutf9m": "shared"
            },
            "tags_all": {
              "Name": "education-eks-public",
              "kubernetes.io/cluster/education-eks-EjLutf9m": "shared"
            },
            "timeouts": null,
            "vpc_id": "vpc-0b6c678f0b39114ad"
          },
          "sensitive_attributes": [],
          "private": "eyJlMmJmYjczMC1lY2FhLTExZTYtOGY4OC0zNDM2M2JjN2M0YzAiOnsiY3JlYXRlIjoxMjAwMDAwMDAwMDAsImRlbGV0ZSI6MzAwMDAwMDAwMDAwLCJ1cGRhdGUiOjEyMDAwMDAwMDAwMH19",
          "dependencies": [
            "module.vpc.aws_vpc.this",
            "module.vpc.aws_vpc_ipv4_cidr_block_association.this",
            "random_string.suffix"
          ]
        }
      ]
    },
    {
      "module": "module.vpc",
      "mode": "managed",
      "type": "aws_route_table_association",
      "name": "private",
      "provider": "provider[\"registry.terraform.io/hashicorp/aws\"]",
      "instances": [
        {
          "index_key": 0,
          "schema_version": 0,
          "attributes": {
            "gateway_id": "",
            "id": "rtbassoc-034a6ff7ef0270bf6",
            "route_table_id": "rtb-08fa9b5217c17ab25",
            "subnet_id": "subnet-0c9b61762a6058d80"
          },
          "sensitive_attributes": [],
          "private": "bnVsbA==",
          "dependencies": [
            "data.aws_availability_zones.available",
            "module.vpc.aws_route_table.private",
            "module.vpc.aws_subnet.private",
            "module.vpc.aws_vpc.this",
            "module.vpc.aws_vpc_ipv4_cidr_block_association.this",
            "random_string.suffix"
          ]
        },
        {
          "index_key": 1,
          "schema_version": 0,
          "attributes": {
            "gateway_id": "",
            "id": "rtbassoc-028d27355fcb09038",
            "route_table_id": "rtb-08fa9b5217c17ab25",
            "subnet_id": "subnet-094cf3a33c354f79d"
          },
          "sensitive_attributes": [],
          "private": "bnVsbA==",
          "dependencies": [
            "data.aws_availability_zones.available",
            "module.vpc.aws_route_table.private",
            "module.vpc.aws_subnet.private",
            "module.vpc.aws_vpc.this",
            "module.vpc.aws_vpc_ipv4_cidr_block_association.this",
            "random_string.suffix"
          ]
        },
        {
          "index_key": 2,
          "schema_version": 0,
          "attributes": {
            "gateway_id": "",
            "id": "rtbassoc-03e8e469207ba9419",
            "route_table_id": "rtb-08fa9b5217c17ab25",
            "subnet_id": "subnet-0572606daa475722d"
          },
          "sensitive_attributes": [],
          "private": "bnVsbA==",
          "dependencies": [
            "data.aws_availability_zones.available",
            "module.vpc.aws_route_table.private",
            "module.vpc.aws_subnet.private",
            "module.vpc.aws_vpc.this",
            "module.vpc.aws_vpc_ipv4_cidr_block_association.this",
            "random_string.suffix"
          ]
        }
      ]
    },
    {
      "module": "module.vpc",
      "mode": "managed",
      "type": "aws_route_table_association",
      "name": "public",
      "provider": "provider[\"registry.terraform.io/hashicorp/aws\"]",
      "instances": [
        {
          "index_key": 0,
          "schema_version": 0,
          "attributes": {
            "gateway_id": "",
            "id": "rtbassoc-0c312707b9905a1e3",
            "route_table_id": "rtb-04ab78dabc971eeb1",
            "subnet_id": "subnet-064a3e757a149f364"
          },
          "sensitive_attributes": [],
          "private": "bnVsbA==",
          "dependencies": [
            "data.aws_availability_zones.available",
            "module.vpc.aws_route_table.public",
            "module.vpc.aws_subnet.public",
            "module.vpc.aws_vpc.this",
            "module.vpc.aws_vpc_ipv4_cidr_block_association.this",
            "random_string.suffix"
          ]
        },
        {
          "index_key": 1,
          "schema_version": 0,
          "attributes": {
            "gateway_id": "",
            "id": "rtbassoc-0d3a87d0fdc9df7ed",
            "route_table_id": "rtb-04ab78dabc971eeb1",
            "subnet_id": "subnet-0cabc1c674166bf19"
          },
          "sensitive_attributes": [],
          "private": "bnVsbA==",
          "dependencies": [
            "data.aws_availability_zones.available",
            "module.vpc.aws_route_table.public",
            "module.vpc.aws_subnet.public",
            "module.vpc.aws_vpc.this",
            "module.vpc.aws_vpc_ipv4_cidr_block_association.this",
            "random_string.suffix"
          ]
        },
        {
          "index_key": 2,
          "schema_version": 0,
          "attributes": {
            "gateway_id": "",
            "id": "rtbassoc-0c3330a83ce3fc8d4",
            "route_table_id": "rtb-04ab78dabc971eeb1",
            "subnet_id": "subnet-067781ece06f8d820"
          },
          "sensitive_attributes": [],
          "private": "bnVsbA==",
          "dependencies": [
            "data.aws_availability_zones.available",
            "module.vpc.aws_route_table.public",
            "module.vpc.aws_subnet.public",
            "module.vpc.aws_vpc.this",
            "module.vpc.aws_vpc_ipv4_cidr_block_association.this",
            "random_string.suffix"
          ]
        }
      ]
    },
    {
      "module": "module.vpc",
      "mode": "managed",
      "type": "aws_subnet",
      "name": "private",
      "provider": "provider[\"registry.terraform.io/hashicorp/aws\"]",
      "instances": [
        {
          "index_key": 0,
          "schema_version": 1,
          "attributes": {
            "arn": "arn:aws:ec2:ap-east-1:779255550655:subnet/subnet-0c9b61762a6058d80",
            "assign_ipv6_address_on_creation": false,
            "availability_zone": "ap-east-1a",
            "availability_zone_id": "ape1-az1",
            "cidr_block": "10.0.1.0/24",
            "customer_owned_ipv4_pool": "",
            "id": "subnet-0c9b61762a6058d80",
            "ipv6_cidr_block": "",
            "ipv6_cidr_block_association_id": "",
            "map_customer_owned_ip_on_launch": false,
            "map_public_ip_on_launch": false,
            "outpost_arn": "",
            "owner_id": "779255550655",
            "tags": {
              "Name": "education-eks-private-ap-east-1a",
              "kubernetes.io/cluster/education-eks-EjLutf9m": "shared",
              "kubernetes.io/role/internal-elb": "1"
            },
            "tags_all": {
              "Name": "education-eks-private-ap-east-1a",
              "kubernetes.io/cluster/education-eks-EjLutf9m": "shared",
              "kubernetes.io/role/internal-elb": "1"
            },
            "timeouts": null,
            "vpc_id": "vpc-0b6c678f0b39114ad"
          },
          "sensitive_attributes": [],
          "private": "eyJlMmJmYjczMC1lY2FhLTExZTYtOGY4OC0zNDM2M2JjN2M0YzAiOnsiY3JlYXRlIjo2MDAwMDAwMDAwMDAsImRlbGV0ZSI6MTIwMDAwMDAwMDAwMH0sInNjaGVtYV92ZXJzaW9uIjoiMSJ9",
          "dependencies": [
            "data.aws_availability_zones.available",
            "module.vpc.aws_vpc.this",
            "module.vpc.aws_vpc_ipv4_cidr_block_association.this",
            "random_string.suffix"
          ],
          "create_before_destroy": true
        },
        {
          "index_key": 1,
          "schema_version": 1,
          "attributes": {
            "arn": "arn:aws:ec2:ap-east-1:779255550655:subnet/subnet-094cf3a33c354f79d",
            "assign_ipv6_address_on_creation": false,
            "availability_zone": "ap-east-1b",
            "availability_zone_id": "ape1-az2",
            "cidr_block": "10.0.2.0/24",
            "customer_owned_ipv4_pool": "",
            "id": "subnet-094cf3a33c354f79d",
            "ipv6_cidr_block": "",
            "ipv6_cidr_block_association_id": "",
            "map_customer_owned_ip_on_launch": false,
            "map_public_ip_on_launch": false,
            "outpost_arn": "",
            "owner_id": "779255550655",
            "tags": {
              "Name": "education-eks-private-ap-east-1b",
              "kubernetes.io/cluster/education-eks-EjLutf9m": "shared",
              "kubernetes.io/role/internal-elb": "1"
            },
            "tags_all": {
              "Name": "education-eks-private-ap-east-1b",
              "kubernetes.io/cluster/education-eks-EjLutf9m": "shared",
              "kubernetes.io/role/internal-elb": "1"
            },
            "timeouts": null,
            "vpc_id": "vpc-0b6c678f0b39114ad"
          },
          "sensitive_attributes": [],
          "private": "eyJlMmJmYjczMC1lY2FhLTExZTYtOGY4OC0zNDM2M2JjN2M0YzAiOnsiY3JlYXRlIjo2MDAwMDAwMDAwMDAsImRlbGV0ZSI6MTIwMDAwMDAwMDAwMH0sInNjaGVtYV92ZXJzaW9uIjoiMSJ9",
          "dependencies": [
            "data.aws_availability_zones.available",
            "module.vpc.aws_vpc.this",
            "module.vpc.aws_vpc_ipv4_cidr_block_association.this",
            "random_string.suffix"
          ],
          "create_before_destroy": true
        },
        {
          "index_key": 2,
          "schema_version": 1,
          "attributes": {
            "arn": "arn:aws:ec2:ap-east-1:779255550655:subnet/subnet-0572606daa475722d",
            "assign_ipv6_address_on_creation": false,
            "availability_zone": "ap-east-1c",
            "availability_zone_id": "ape1-az3",
            "cidr_block": "10.0.3.0/24",
            "customer_owned_ipv4_pool": "",
            "id": "subnet-0572606daa475722d",
            "ipv6_cidr_block": "",
            "ipv6_cidr_block_association_id": "",
            "map_customer_owned_ip_on_launch": false,
            "map_public_ip_on_launch": false,
            "outpost_arn": "",
            "owner_id": "779255550655",
            "tags": {
              "Name": "education-eks-private-ap-east-1c",
              "kubernetes.io/cluster/education-eks-EjLutf9m": "shared",
              "kubernetes.io/role/internal-elb": "1"
            },
            "tags_all": {
              "Name": "education-eks-private-ap-east-1c",
              "kubernetes.io/cluster/education-eks-EjLutf9m": "shared",
              "kubernetes.io/role/internal-elb": "1"
            },
            "timeouts": null,
            "vpc_id": "vpc-0b6c678f0b39114ad"
          },
          "sensitive_attributes": [],
          "private": "eyJlMmJmYjczMC1lY2FhLTExZTYtOGY4OC0zNDM2M2JjN2M0YzAiOnsiY3JlYXRlIjo2MDAwMDAwMDAwMDAsImRlbGV0ZSI6MTIwMDAwMDAwMDAwMH0sInNjaGVtYV92ZXJzaW9uIjoiMSJ9",
          "dependencies": [
            "data.aws_availability_zones.available",
            "module.vpc.aws_vpc.this",
            "module.vpc.aws_vpc_ipv4_cidr_block_association.this",
            "random_string.suffix"
          ],
          "create_before_destroy": true
        }
      ]
    },
    {
      "module": "module.vpc",
      "mode": "managed",
      "type": "aws_subnet",
      "name": "public",
      "provider": "provider[\"registry.terraform.io/hashicorp/aws\"]",
      "instances": [
        {
          "index_key": 0,
          "schema_version": 1,
          "attributes": {
            "arn": "arn:aws:ec2:ap-east-1:779255550655:subnet/subnet-064a3e757a149f364",
            "assign_ipv6_address_on_creation": false,
            "availability_zone": "ap-east-1a",
            "availability_zone_id": "ape1-az1",
            "cidr_block": "10.0.4.0/24",
            "customer_owned_ipv4_pool": "",
            "id": "subnet-064a3e757a149f364",
            "ipv6_cidr_block": "",
            "ipv6_cidr_block_association_id": "",
            "map_customer_owned_ip_on_launch": false,
            "map_public_ip_on_launch": true,
            "outpost_arn": "",
            "owner_id": "779255550655",
            "tags": {
              "Name": "education-eks-public-ap-east-1a",
              "kubernetes.io/cluster/education-eks-EjLutf9m": "shared",
              "kubernetes.io/role/elb": "1"
            },
            "tags_all": {
              "Name": "education-eks-public-ap-east-1a",
              "kubernetes.io/cluster/education-eks-EjLutf9m": "shared",
              "kubernetes.io/role/elb": "1"
            },
            "timeouts": null,
            "vpc_id": "vpc-0b6c678f0b39114ad"
          },
          "sensitive_attributes": [],
          "private": "eyJlMmJmYjczMC1lY2FhLTExZTYtOGY4OC0zNDM2M2JjN2M0YzAiOnsiY3JlYXRlIjo2MDAwMDAwMDAwMDAsImRlbGV0ZSI6MTIwMDAwMDAwMDAwMH0sInNjaGVtYV92ZXJzaW9uIjoiMSJ9",
          "dependencies": [
            "data.aws_availability_zones.available",
            "module.vpc.aws_vpc.this",
            "module.vpc.aws_vpc_ipv4_cidr_block_association.this",
            "random_string.suffix"
          ]
        },
        {
          "index_key": 1,
          "schema_version": 1,
          "attributes": {
            "arn": "arn:aws:ec2:ap-east-1:779255550655:subnet/subnet-0cabc1c674166bf19",
            "assign_ipv6_address_on_creation": false,
            "availability_zone": "ap-east-1b",
            "availability_zone_id": "ape1-az2",
            "cidr_block": "10.0.5.0/24",
            "customer_owned_ipv4_pool": "",
            "id": "subnet-0cabc1c674166bf19",
            "ipv6_cidr_block": "",
            "ipv6_cidr_block_association_id": "",
            "map_customer_owned_ip_on_launch": false,
            "map_public_ip_on_launch": true,
            "outpost_arn": "",
            "owner_id": "779255550655",
            "tags": {
              "Name": "education-eks-public-ap-east-1b",
              "kubernetes.io/cluster/education-eks-EjLutf9m": "shared",
              "kubernetes.io/role/elb": "1"
            },
            "tags_all": {
              "Name": "education-eks-public-ap-east-1b",
              "kubernetes.io/cluster/education-eks-EjLutf9m": "shared",
              "kubernetes.io/role/elb": "1"
            },
            "timeouts": null,
            "vpc_id": "vpc-0b6c678f0b39114ad"
          },
          "sensitive_attributes": [],
          "private": "eyJlMmJmYjczMC1lY2FhLTExZTYtOGY4OC0zNDM2M2JjN2M0YzAiOnsiY3JlYXRlIjo2MDAwMDAwMDAwMDAsImRlbGV0ZSI6MTIwMDAwMDAwMDAwMH0sInNjaGVtYV92ZXJzaW9uIjoiMSJ9",
          "dependencies": [
            "data.aws_availability_zones.available",
            "module.vpc.aws_vpc.this",
            "module.vpc.aws_vpc_ipv4_cidr_block_association.this",
            "random_string.suffix"
          ]
        },
        {
          "index_key": 2,
          "schema_version": 1,
          "attributes": {
            "arn": "arn:aws:ec2:ap-east-1:779255550655:subnet/subnet-067781ece06f8d820",
            "assign_ipv6_address_on_creation": false,
            "availability_zone": "ap-east-1c",
            "availability_zone_id": "ape1-az3",
            "cidr_block": "10.0.6.0/24",
            "customer_owned_ipv4_pool": "",
            "id": "subnet-067781ece06f8d820",
            "ipv6_cidr_block": "",
            "ipv6_cidr_block_association_id": "",
            "map_customer_owned_ip_on_launch": false,
            "map_public_ip_on_launch": true,
            "outpost_arn": "",
            "owner_id": "779255550655",
            "tags": {
              "Name": "education-eks-public-ap-east-1c",
              "kubernetes.io/cluster/education-eks-EjLutf9m": "shared",
              "kubernetes.io/role/elb": "1"
            },
            "tags_all": {
              "Name": "education-eks-public-ap-east-1c",
              "kubernetes.io/cluster/education-eks-EjLutf9m": "shared",
              "kubernetes.io/role/elb": "1"
            },
            "timeouts": null,
            "vpc_id": "vpc-0b6c678f0b39114ad"
          },
          "sensitive_attributes": [],
          "private": "eyJlMmJmYjczMC1lY2FhLTExZTYtOGY4OC0zNDM2M2JjN2M0YzAiOnsiY3JlYXRlIjo2MDAwMDAwMDAwMDAsImRlbGV0ZSI6MTIwMDAwMDAwMDAwMH0sInNjaGVtYV92ZXJzaW9uIjoiMSJ9",
          "dependencies": [
            "data.aws_availability_zones.available",
            "module.vpc.aws_vpc.this",
            "module.vpc.aws_vpc_ipv4_cidr_block_association.this",
            "random_string.suffix"
          ]
        }
      ]
    },
    {
      "module": "module.vpc",
      "mode": "managed",
      "type": "aws_vpc",
      "name": "this",
      "provider": "provider[\"registry.terraform.io/hashicorp/aws\"]",
      "instances": [
        {
          "index_key": 0,
          "schema_version": 1,
          "attributes": {
            "arn": "arn:aws:ec2:ap-east-1:779255550655:vpc/vpc-0b6c678f0b39114ad",
            "assign_generated_ipv6_cidr_block": false,
            "cidr_block": "10.0.0.0/16",
            "default_network_acl_id": "acl-03f3770bac9c308b9",
            "default_route_table_id": "rtb-0f810dd88daa9249f",
            "default_security_group_id": "sg-0db9b4b38a913a1ad",
            "dhcp_options_id": "dopt-06c853d9c50852b51",
            "enable_classiclink": null,
            "enable_classiclink_dns_support": null,
            "enable_dns_hostnames": true,
            "enable_dns_support": true,
            "id": "vpc-0b6c678f0b39114ad",
            "instance_tenancy": "default",
            "ipv4_ipam_pool_id": null,
            "ipv4_netmask_length": null,
            "ipv6_association_id": "",
            "ipv6_cidr_block": "",
            "ipv6_ipam_pool_id": null,
            "ipv6_netmask_length": null,
            "main_route_table_id": "rtb-0f810dd88daa9249f",
            "owner_id": "779255550655",
            "tags": {
              "Name": "education-eks",
              "kubernetes.io/cluster/education-eks-EjLutf9m": "shared"
            },
            "tags_all": {
              "Name": "education-eks",
              "kubernetes.io/cluster/education-eks-EjLutf9m": "shared"
            }
          },
          "sensitive_attributes": [],
          "private": "eyJzY2hlbWFfdmVyc2lvbiI6IjEifQ==",
          "dependencies": [
            "random_string.suffix"
          ],
          "create_before_destroy": true
        }
      ]
    }
  ]
}
